// !$*UTF8*$!
{
	archiveVersion = 1;
	classes = {
	};
	objectVersion = 56;
	objects = {

/* Begin PBXBuildFile section */
		5E0BEE4E29794D7100EC6A95 /* app.cpp in Sources */ = {isa = PBXBuildFile; fileRef = 5E222E90297047150030B76B /* app.cpp */; };
		5E0BEE5729794D8C00EC6A95 /* app.cpp in Sources */ = {isa = PBXBuildFile; fileRef = 5E0BEE5629794D8C00EC6A95 /* app.cpp */; };
		5E11707A29489CF4000B7619 /* main.cpp in Sources */ = {isa = PBXBuildFile; fileRef = 5E11707829489CF4000B7619 /* main.cpp */; };
		5E11707B29489CF4000B7619 /* App.cpp in Sources */ = {isa = PBXBuildFile; fileRef = 5E11707929489CF4000B7619 /* App.cpp */; };
		5E11708B294C74D8000B7619 /* app_1_1.cpp in Sources */ = {isa = PBXBuildFile; fileRef = 5E11707F294C74B2000B7619 /* app_1_1.cpp */; };
		5E11708D294C7506000B7619 /* app_1_2.cpp in Sources */ = {isa = PBXBuildFile; fileRef = 5E11708C294C7506000B7619 /* app_1_2.cpp */; };
		5E11708F294C751F000B7619 /* app_2.cpp in Sources */ = {isa = PBXBuildFile; fileRef = 5E11708E294C751F000B7619 /* app_2.cpp */; };
		5E222E922970471F0030B76B /* app_1.cpp in Sources */ = {isa = PBXBuildFile; fileRef = 5E73B5462959C5CB005CC05F /* app_1.cpp */; };
		5E222E93297047230030B76B /* app_2.cpp in Sources */ = {isa = PBXBuildFile; fileRef = 5E73B5482959C9EA005CC05F /* app_2.cpp */; };
		5E3309DF298524AF004F1CC4 /* app.cpp in Sources */ = {isa = PBXBuildFile; fileRef = 5E222E90297047150030B76B /* app.cpp */; };
		5E3309E9298524DA004F1CC4 /* app.cpp in Sources */ = {isa = PBXBuildFile; fileRef = 5E3309E8298524DA004F1CC4 /* app.cpp */; };
		5E3C1BB12937518C002A0D39 /* main.cpp in Sources */ = {isa = PBXBuildFile; fileRef = 5E3C1BA629375145002A0D39 /* main.cpp */; };
		5E3C1BBE29388630002A0D39 /* main.cpp in Sources */ = {isa = PBXBuildFile; fileRef = 5E3C1BB32938788B002A0D39 /* main.cpp */; };
		5E471538298D533700EEA8FB /* app.cpp in Sources */ = {isa = PBXBuildFile; fileRef = 5E222E90297047150030B76B /* app.cpp */; };
		5E471542298D534D00EEA8FB /* app.cpp in Sources */ = {isa = PBXBuildFile; fileRef = 5E471541298D534D00EEA8FB /* app.cpp */; };
		5E55B3732998DA51001190C3 /* app.cpp in Sources */ = {isa = PBXBuildFile; fileRef = 5E222E90297047150030B76B /* app.cpp */; };
		5E55B37D2998DA64001190C3 /* app_1.cpp in Sources */ = {isa = PBXBuildFile; fileRef = 5E55B37C2998DA64001190C3 /* app_1.cpp */; };
		5E55B37F2998DAFE001190C3 /* app_2.cpp in Sources */ = {isa = PBXBuildFile; fileRef = 5E55B37E2998DAFE001190C3 /* app_2.cpp */; };
		5E55B388299BF48F001190C3 /* app.cpp in Sources */ = {isa = PBXBuildFile; fileRef = 5E222E90297047150030B76B /* app.cpp */; };
		5E55B389299BF48F001190C3 /* app_2.cpp in Sources */ = {isa = PBXBuildFile; fileRef = 5E55B37E2998DAFE001190C3 /* app_2.cpp */; };
		5E55B395299BF4D8001190C3 /* app_3.cpp in Sources */ = {isa = PBXBuildFile; fileRef = 5E55B392299BF4D8001190C3 /* app_3.cpp */; };
		5E55B396299BF4D8001190C3 /* app_2.cpp in Sources */ = {isa = PBXBuildFile; fileRef = 5E55B393299BF4D8001190C3 /* app_2.cpp */; };
		5E55B397299BF4D8001190C3 /* app_1.cpp in Sources */ = {isa = PBXBuildFile; fileRef = 5E55B394299BF4D8001190C3 /* app_1.cpp */; };
		5E68E3C42950929300CB8CFB /* app_1.cpp in Sources */ = {isa = PBXBuildFile; fileRef = 5E68E3B82950927600CB8CFB /* app_1.cpp */; };
		5E68E3C52950929300CB8CFB /* app_2.cpp in Sources */ = {isa = PBXBuildFile; fileRef = 5E68E3B72950927600CB8CFB /* app_2.cpp */; };
		5E68E3D6295372A700CB8CFB /* app.cpp in Sources */ = {isa = PBXBuildFile; fileRef = 5E68E3D5295372A700CB8CFB /* app.cpp */; };
		5E68E3E9295589E100CB8CFB /* app.cpp in Sources */ = {isa = PBXBuildFile; fileRef = 5E68E3E8295589E100CB8CFB /* app.cpp */; };
		5E6A701B2934AFDB00506F6E /* main.cpp in Sources */ = {isa = PBXBuildFile; fileRef = 5E6A701A2934AFDB00506F6E /* main.cpp */; };
		5E74D896293A39D800BBF528 /* main.cpp in Sources */ = {isa = PBXBuildFile; fileRef = 5E74D895293A39D800BBF528 /* main.cpp */; };
		5E74D89B293A431500BBF528 /* App.cpp in Sources */ = {isa = PBXBuildFile; fileRef = 5E74D899293A431500BBF528 /* App.cpp */; };
		5EC94152297FBE3B00385B02 /* app.cpp in Sources */ = {isa = PBXBuildFile; fileRef = 5E222E90297047150030B76B /* app.cpp */; };
		5EC9415D297FBE7900385B02 /* app.cpp in Sources */ = {isa = PBXBuildFile; fileRef = 5EC9415C297FBE7900385B02 /* app.cpp */; };
/* End PBXBuildFile section */

/* Begin PBXCopyFilesBuildPhase section */
		5E0BEE5029794D7100EC6A95 /* CopyFiles */ = {
			isa = PBXCopyFilesBuildPhase;
			buildActionMask = 2147483647;
			dstPath = /usr/share/man/man1/;
			dstSubfolderSpec = 0;
			files = (
			);
			runOnlyForDeploymentPostprocessing = 1;
		};
		5E11707129489CD3000B7619 /* CopyFiles */ = {
			isa = PBXCopyFilesBuildPhase;
			buildActionMask = 2147483647;
			dstPath = /usr/share/man/man1/;
			dstSubfolderSpec = 0;
			files = (
			);
			runOnlyForDeploymentPostprocessing = 1;
		};
		5E117085294C74BE000B7619 /* CopyFiles */ = {
			isa = PBXCopyFilesBuildPhase;
			buildActionMask = 2147483647;
			dstPath = /usr/share/man/man1/;
			dstSubfolderSpec = 0;
			files = (
			);
			runOnlyForDeploymentPostprocessing = 1;
		};
		5E222E8A297047050030B76B /* CopyFiles */ = {
			isa = PBXCopyFilesBuildPhase;
			buildActionMask = 2147483647;
			dstPath = /usr/share/man/man1/;
			dstSubfolderSpec = 0;
			files = (
			);
			runOnlyForDeploymentPostprocessing = 1;
		};
		5E3309E2298524AF004F1CC4 /* CopyFiles */ = {
			isa = PBXCopyFilesBuildPhase;
			buildActionMask = 2147483647;
			dstPath = /usr/share/man/man1/;
			dstSubfolderSpec = 0;
			files = (
			);
			runOnlyForDeploymentPostprocessing = 1;
		};
		5E3C1BAC29375184002A0D39 /* CopyFiles */ = {
			isa = PBXCopyFilesBuildPhase;
			buildActionMask = 2147483647;
			dstPath = /usr/share/man/man1/;
			dstSubfolderSpec = 0;
			files = (
			);
			runOnlyForDeploymentPostprocessing = 1;
		};
		5E3C1BB929388623002A0D39 /* CopyFiles */ = {
			isa = PBXCopyFilesBuildPhase;
			buildActionMask = 2147483647;
			dstPath = /usr/share/man/man1/;
			dstSubfolderSpec = 0;
			files = (
			);
			runOnlyForDeploymentPostprocessing = 1;
		};
		5E47153B298D533700EEA8FB /* CopyFiles */ = {
			isa = PBXCopyFilesBuildPhase;
			buildActionMask = 2147483647;
			dstPath = /usr/share/man/man1/;
			dstSubfolderSpec = 0;
			files = (
			);
			runOnlyForDeploymentPostprocessing = 1;
		};
		5E55B3762998DA51001190C3 /* CopyFiles */ = {
			isa = PBXCopyFilesBuildPhase;
			buildActionMask = 2147483647;
			dstPath = /usr/share/man/man1/;
			dstSubfolderSpec = 0;
			files = (
			);
			runOnlyForDeploymentPostprocessing = 1;
		};
		5E55B38C299BF48F001190C3 /* CopyFiles */ = {
			isa = PBXCopyFilesBuildPhase;
			buildActionMask = 2147483647;
			dstPath = /usr/share/man/man1/;
			dstSubfolderSpec = 0;
			files = (
			);
			runOnlyForDeploymentPostprocessing = 1;
		};
		5E68E3BF2950928100CB8CFB /* CopyFiles */ = {
			isa = PBXCopyFilesBuildPhase;
			buildActionMask = 2147483647;
			dstPath = /usr/share/man/man1/;
			dstSubfolderSpec = 0;
			files = (
			);
			runOnlyForDeploymentPostprocessing = 1;
		};
		5E68E3CF2953728E00CB8CFB /* CopyFiles */ = {
			isa = PBXCopyFilesBuildPhase;
			buildActionMask = 2147483647;
			dstPath = /usr/share/man/man1/;
			dstSubfolderSpec = 0;
			files = (
			);
			runOnlyForDeploymentPostprocessing = 1;
		};
		5E68E3E22955896C00CB8CFB /* CopyFiles */ = {
			isa = PBXCopyFilesBuildPhase;
			buildActionMask = 2147483647;
			dstPath = /usr/share/man/man1/;
			dstSubfolderSpec = 0;
			files = (
			);
			runOnlyForDeploymentPostprocessing = 1;
		};
		5E6A70152934AFDB00506F6E /* CopyFiles */ = {
			isa = PBXCopyFilesBuildPhase;
			buildActionMask = 2147483647;
			dstPath = /usr/share/man/man1/;
			dstSubfolderSpec = 0;
			files = (
			);
			runOnlyForDeploymentPostprocessing = 1;
		};
		5E73B5402959C5A7005CC05F /* CopyFiles */ = {
			isa = PBXCopyFilesBuildPhase;
			buildActionMask = 2147483647;
			dstPath = /usr/share/man/man1/;
			dstSubfolderSpec = 0;
			files = (
			);
			runOnlyForDeploymentPostprocessing = 1;
		};
		5E74D88D293A399E00BBF528 /* CopyFiles */ = {
			isa = PBXCopyFilesBuildPhase;
			buildActionMask = 2147483647;
			dstPath = /usr/share/man/man1/;
			dstSubfolderSpec = 0;
			files = (
			);
			runOnlyForDeploymentPostprocessing = 1;
		};
		5EC94155297FBE3B00385B02 /* CopyFiles */ = {
			isa = PBXCopyFilesBuildPhase;
			buildActionMask = 2147483647;
			dstPath = /usr/share/man/man1/;
			dstSubfolderSpec = 0;
			files = (
			);
			runOnlyForDeploymentPostprocessing = 1;
		};
/* End PBXCopyFilesBuildPhase section */

/* Begin PBXFileReference section */
		5E0BEE5429794D7100EC6A95 /* D4.4 */ = {isa = PBXFileReference; explicitFileType = "compiled.mach-o.executable"; includeInIndex = 0; path = D4.4; sourceTree = BUILT_PRODUCTS_DIR; };
		5E0BEE5629794D8C00EC6A95 /* app.cpp */ = {isa = PBXFileReference; fileEncoding = 4; lastKnownFileType = sourcecode.cpp.cpp; path = app.cpp; sourceTree = "<group>"; };
		5E11707529489CD3000B7619 /* D2.6 */ = {isa = PBXFileReference; explicitFileType = "compiled.mach-o.executable"; includeInIndex = 0; path = D2.6; sourceTree = BUILT_PRODUCTS_DIR; };
		5E11707729489CF4000B7619 /* App.hpp */ = {isa = PBXFileReference; fileEncoding = 4; lastKnownFileType = sourcecode.cpp.h; path = App.hpp; sourceTree = "<group>"; };
		5E11707829489CF4000B7619 /* main.cpp */ = {isa = PBXFileReference; fileEncoding = 4; lastKnownFileType = sourcecode.cpp.cpp; path = main.cpp; sourceTree = "<group>"; };
		5E11707929489CF4000B7619 /* App.cpp */ = {isa = PBXFileReference; fileEncoding = 4; lastKnownFileType = sourcecode.cpp.cpp; path = App.cpp; sourceTree = "<group>"; };
		5E11707F294C74B2000B7619 /* app_1_1.cpp */ = {isa = PBXFileReference; lastKnownFileType = sourcecode.cpp.cpp; path = app_1_1.cpp; sourceTree = "<group>"; };
		5E117089294C74BE000B7619 /* D3.5 */ = {isa = PBXFileReference; explicitFileType = "compiled.mach-o.executable"; includeInIndex = 0; path = D3.5; sourceTree = BUILT_PRODUCTS_DIR; };
		5E11708C294C7506000B7619 /* app_1_2.cpp */ = {isa = PBXFileReference; lastKnownFileType = sourcecode.cpp.cpp; path = app_1_2.cpp; sourceTree = "<group>"; };
		5E11708E294C751F000B7619 /* app_2.cpp */ = {isa = PBXFileReference; lastKnownFileType = sourcecode.cpp.cpp; path = app_2.cpp; sourceTree = "<group>"; };
		5E222E8E297047050030B76B /* D4.3 */ = {isa = PBXFileReference; explicitFileType = "compiled.mach-o.executable"; includeInIndex = 0; path = D4.3; sourceTree = BUILT_PRODUCTS_DIR; };
		5E222E90297047150030B76B /* app.cpp */ = {isa = PBXFileReference; fileEncoding = 4; lastKnownFileType = sourcecode.cpp.cpp; path = app.cpp; sourceTree = "<group>"; };
		5E3309E6298524AF004F1CC4 /* D5.3 */ = {isa = PBXFileReference; explicitFileType = "compiled.mach-o.executable"; includeInIndex = 0; path = D5.3; sourceTree = BUILT_PRODUCTS_DIR; };
		5E3309E8298524DA004F1CC4 /* app.cpp */ = {isa = PBXFileReference; fileEncoding = 4; lastKnownFileType = sourcecode.cpp.cpp; path = app.cpp; sourceTree = "<group>"; };
		5E3C1BA629375145002A0D39 /* main.cpp */ = {isa = PBXFileReference; lastKnownFileType = sourcecode.cpp.cpp; path = main.cpp; sourceTree = "<group>"; };
		5E3C1BB029375184002A0D39 /* D2.2 */ = {isa = PBXFileReference; explicitFileType = "compiled.mach-o.executable"; includeInIndex = 0; path = D2.2; sourceTree = BUILT_PRODUCTS_DIR; };
		5E3C1BB32938788B002A0D39 /* main.cpp */ = {isa = PBXFileReference; lastKnownFileType = sourcecode.cpp.cpp; path = main.cpp; sourceTree = "<group>"; };
		5E3C1BBD29388623002A0D39 /* D2.3 */ = {isa = PBXFileReference; explicitFileType = "compiled.mach-o.executable"; includeInIndex = 0; path = D2.3; sourceTree = BUILT_PRODUCTS_DIR; };
		5E47153F298D533700EEA8FB /* D5.5 */ = {isa = PBXFileReference; explicitFileType = "compiled.mach-o.executable"; includeInIndex = 0; path = D5.5; sourceTree = BUILT_PRODUCTS_DIR; };
		5E471541298D534D00EEA8FB /* app.cpp */ = {isa = PBXFileReference; fileEncoding = 4; lastKnownFileType = sourcecode.cpp.cpp; path = app.cpp; sourceTree = "<group>"; };
		5E55B37A2998DA52001190C3 /* D5.6 */ = {isa = PBXFileReference; explicitFileType = "compiled.mach-o.executable"; includeInIndex = 0; path = D5.6; sourceTree = BUILT_PRODUCTS_DIR; };
		5E55B37C2998DA64001190C3 /* app_1.cpp */ = {isa = PBXFileReference; fileEncoding = 4; lastKnownFileType = sourcecode.cpp.cpp; path = app_1.cpp; sourceTree = "<group>"; };
		5E55B37E2998DAFE001190C3 /* app_2.cpp */ = {isa = PBXFileReference; lastKnownFileType = sourcecode.cpp.cpp; path = app_2.cpp; sourceTree = "<group>"; };
		5E55B390299BF48F001190C3 /* D6.3 */ = {isa = PBXFileReference; explicitFileType = "compiled.mach-o.executable"; includeInIndex = 0; path = D6.3; sourceTree = BUILT_PRODUCTS_DIR; };
		5E55B392299BF4D8001190C3 /* app_3.cpp */ = {isa = PBXFileReference; fileEncoding = 4; lastKnownFileType = sourcecode.cpp.cpp; path = app_3.cpp; sourceTree = "<group>"; };
		5E55B393299BF4D8001190C3 /* app_2.cpp */ = {isa = PBXFileReference; fileEncoding = 4; lastKnownFileType = sourcecode.cpp.cpp; path = app_2.cpp; sourceTree = "<group>"; };
		5E55B394299BF4D8001190C3 /* app_1.cpp */ = {isa = PBXFileReference; fileEncoding = 4; lastKnownFileType = sourcecode.cpp.cpp; path = app_1.cpp; sourceTree = "<group>"; };
		5E68E3B72950927600CB8CFB /* app_2.cpp */ = {isa = PBXFileReference; lastKnownFileType = sourcecode.cpp.cpp; path = app_2.cpp; sourceTree = "<group>"; };
		5E68E3B82950927600CB8CFB /* app_1.cpp */ = {isa = PBXFileReference; lastKnownFileType = sourcecode.cpp.cpp; path = app_1.cpp; sourceTree = "<group>"; };
		5E68E3C32950928100CB8CFB /* D3.6 */ = {isa = PBXFileReference; explicitFileType = "compiled.mach-o.executable"; includeInIndex = 0; path = D3.6; sourceTree = BUILT_PRODUCTS_DIR; };
		5E68E3D32953728E00CB8CFB /* D3.7 */ = {isa = PBXFileReference; explicitFileType = "compiled.mach-o.executable"; includeInIndex = 0; path = D3.7; sourceTree = BUILT_PRODUCTS_DIR; };
		5E68E3D5295372A700CB8CFB /* app.cpp */ = {isa = PBXFileReference; fileEncoding = 4; lastKnownFileType = sourcecode.cpp.cpp; path = app.cpp; sourceTree = "<group>"; };
		5E68E3E62955896C00CB8CFB /* D3.8 */ = {isa = PBXFileReference; explicitFileType = "compiled.mach-o.executable"; includeInIndex = 0; path = D3.8; sourceTree = BUILT_PRODUCTS_DIR; };
		5E68E3E8295589E100CB8CFB /* app.cpp */ = {isa = PBXFileReference; fileEncoding = 4; lastKnownFileType = sourcecode.cpp.cpp; path = app.cpp; sourceTree = "<group>"; };
		5E6A70172934AFDB00506F6E /* D1.1 */ = {isa = PBXFileReference; explicitFileType = "compiled.mach-o.executable"; includeInIndex = 0; path = D1.1; sourceTree = BUILT_PRODUCTS_DIR; };
		5E6A701A2934AFDB00506F6E /* main.cpp */ = {isa = PBXFileReference; lastKnownFileType = sourcecode.cpp.cpp; path = main.cpp; sourceTree = "<group>"; };
		5E6A70212934B49D00506F6E /* README.md */ = {isa = PBXFileReference; lastKnownFileType = net.daringfireball.markdown; path = README.md; sourceTree = SOURCE_ROOT; };
		5E73B5442959C5A7005CC05F /* D4.2 */ = {isa = PBXFileReference; explicitFileType = "compiled.mach-o.executable"; includeInIndex = 0; path = D4.2; sourceTree = BUILT_PRODUCTS_DIR; };
		5E73B5462959C5CB005CC05F /* app_1.cpp */ = {isa = PBXFileReference; fileEncoding = 4; lastKnownFileType = sourcecode.cpp.cpp; path = app_1.cpp; sourceTree = "<group>"; };
		5E73B5482959C9EA005CC05F /* app_2.cpp */ = {isa = PBXFileReference; lastKnownFileType = sourcecode.cpp.cpp; path = app_2.cpp; sourceTree = "<group>"; };
		5E74D891293A399E00BBF528 /* D2.4 */ = {isa = PBXFileReference; explicitFileType = "compiled.mach-o.executable"; includeInIndex = 0; path = D2.4; sourceTree = BUILT_PRODUCTS_DIR; };
		5E74D895293A39D800BBF528 /* main.cpp */ = {isa = PBXFileReference; fileEncoding = 4; lastKnownFileType = sourcecode.cpp.cpp; path = main.cpp; sourceTree = "<group>"; };
		5E74D899293A431500BBF528 /* App.cpp */ = {isa = PBXFileReference; lastKnownFileType = sourcecode.cpp.cpp; path = App.cpp; sourceTree = "<group>"; };
		5E74D89A293A431500BBF528 /* App.hpp */ = {isa = PBXFileReference; lastKnownFileType = sourcecode.cpp.h; path = App.hpp; sourceTree = "<group>"; };
		5EC94159297FBE3B00385B02 /* D5.2 */ = {isa = PBXFileReference; explicitFileType = "compiled.mach-o.executable"; includeInIndex = 0; path = D5.2; sourceTree = BUILT_PRODUCTS_DIR; };
		5EC9415C297FBE7900385B02 /* app.cpp */ = {isa = PBXFileReference; fileEncoding = 4; lastKnownFileType = sourcecode.cpp.cpp; path = app.cpp; sourceTree = "<group>"; };
/* End PBXFileReference section */

/* Begin PBXFrameworksBuildPhase section */
		5E0BEE4F29794D7100EC6A95 /* Frameworks */ = {
			isa = PBXFrameworksBuildPhase;
			buildActionMask = 2147483647;
			files = (
			);
			runOnlyForDeploymentPostprocessing = 0;
		};
		5E11707029489CD3000B7619 /* Frameworks */ = {
			isa = PBXFrameworksBuildPhase;
			buildActionMask = 2147483647;
			files = (
			);
			runOnlyForDeploymentPostprocessing = 0;
		};
		5E117084294C74BE000B7619 /* Frameworks */ = {
			isa = PBXFrameworksBuildPhase;
			buildActionMask = 2147483647;
			files = (
			);
			runOnlyForDeploymentPostprocessing = 0;
		};
		5E222E89297047050030B76B /* Frameworks */ = {
			isa = PBXFrameworksBuildPhase;
			buildActionMask = 2147483647;
			files = (
			);
			runOnlyForDeploymentPostprocessing = 0;
		};
		5E3309E1298524AF004F1CC4 /* Frameworks */ = {
			isa = PBXFrameworksBuildPhase;
			buildActionMask = 2147483647;
			files = (
			);
			runOnlyForDeploymentPostprocessing = 0;
		};
		5E3C1BAB29375184002A0D39 /* Frameworks */ = {
			isa = PBXFrameworksBuildPhase;
			buildActionMask = 2147483647;
			files = (
			);
			runOnlyForDeploymentPostprocessing = 0;
		};
		5E3C1BB829388623002A0D39 /* Frameworks */ = {
			isa = PBXFrameworksBuildPhase;
			buildActionMask = 2147483647;
			files = (
			);
			runOnlyForDeploymentPostprocessing = 0;
		};
		5E47153A298D533700EEA8FB /* Frameworks */ = {
			isa = PBXFrameworksBuildPhase;
			buildActionMask = 2147483647;
			files = (
			);
			runOnlyForDeploymentPostprocessing = 0;
		};
		5E55B3752998DA51001190C3 /* Frameworks */ = {
			isa = PBXFrameworksBuildPhase;
			buildActionMask = 2147483647;
			files = (
			);
			runOnlyForDeploymentPostprocessing = 0;
		};
		5E55B38B299BF48F001190C3 /* Frameworks */ = {
			isa = PBXFrameworksBuildPhase;
			buildActionMask = 2147483647;
			files = (
			);
			runOnlyForDeploymentPostprocessing = 0;
		};
		5E68E3BE2950928100CB8CFB /* Frameworks */ = {
			isa = PBXFrameworksBuildPhase;
			buildActionMask = 2147483647;
			files = (
			);
			runOnlyForDeploymentPostprocessing = 0;
		};
		5E68E3CE2953728E00CB8CFB /* Frameworks */ = {
			isa = PBXFrameworksBuildPhase;
			buildActionMask = 2147483647;
			files = (
			);
			runOnlyForDeploymentPostprocessing = 0;
		};
		5E68E3E12955896C00CB8CFB /* Frameworks */ = {
			isa = PBXFrameworksBuildPhase;
			buildActionMask = 2147483647;
			files = (
			);
			runOnlyForDeploymentPostprocessing = 0;
		};
		5E6A70142934AFDB00506F6E /* Frameworks */ = {
			isa = PBXFrameworksBuildPhase;
			buildActionMask = 2147483647;
			files = (
			);
			runOnlyForDeploymentPostprocessing = 0;
		};
		5E73B53F2959C5A7005CC05F /* Frameworks */ = {
			isa = PBXFrameworksBuildPhase;
			buildActionMask = 2147483647;
			files = (
			);
			runOnlyForDeploymentPostprocessing = 0;
		};
		5E74D88C293A399E00BBF528 /* Frameworks */ = {
			isa = PBXFrameworksBuildPhase;
			buildActionMask = 2147483647;
			files = (
			);
			runOnlyForDeploymentPostprocessing = 0;
		};
		5EC94154297FBE3B00385B02 /* Frameworks */ = {
			isa = PBXFrameworksBuildPhase;
			buildActionMask = 2147483647;
			files = (
			);
			runOnlyForDeploymentPostprocessing = 0;
		};
/* End PBXFrameworksBuildPhase section */

/* Begin PBXGroup section */
		5E0BEE5529794D8C00EC6A95 /* D4.4 */ = {
			isa = PBXGroup;
			children = (
				5E0BEE5629794D8C00EC6A95 /* app.cpp */,
			);
			path = D4.4;
			sourceTree = "<group>";
		};
		5E11707629489CF4000B7619 /* D2.6 */ = {
			isa = PBXGroup;
			children = (
				5E11707729489CF4000B7619 /* App.hpp */,
				5E11707929489CF4000B7619 /* App.cpp */,
				5E11707829489CF4000B7619 /* main.cpp */,
			);
			path = D2.6;
			sourceTree = "<group>";
		};
		5E11707E294C74B2000B7619 /* D3.5 */ = {
			isa = PBXGroup;
			children = (
				5E11707F294C74B2000B7619 /* app_1_1.cpp */,
				5E11708C294C7506000B7619 /* app_1_2.cpp */,
				5E11708E294C751F000B7619 /* app_2.cpp */,
			);
			path = D3.5;
			sourceTree = "<group>";
		};
		5E222E8F297047150030B76B /* D4.3 */ = {
			isa = PBXGroup;
			children = (
				5E222E90297047150030B76B /* app.cpp */,
			);
			path = D4.3;
			sourceTree = "<group>";
		};
		5E3309E7298524DA004F1CC4 /* D5.3 */ = {
			isa = PBXGroup;
			children = (
				5E3309E8298524DA004F1CC4 /* app.cpp */,
			);
			path = D5.3;
			sourceTree = "<group>";
		};
		5E3C1BA529375145002A0D39 /* D2.2 */ = {
			isa = PBXGroup;
			children = (
				5E3C1BA629375145002A0D39 /* main.cpp */,
			);
			path = D2.2;
			sourceTree = "<group>";
		};
		5E3C1BB229387875002A0D39 /* D2.3 */ = {
			isa = PBXGroup;
			children = (
				5E3C1BB32938788B002A0D39 /* main.cpp */,
			);
			path = D2.3;
			sourceTree = "<group>";
		};
		5E471540298D534D00EEA8FB /* D5.5 */ = {
			isa = PBXGroup;
			children = (
				5E471541298D534D00EEA8FB /* app.cpp */,
			);
			path = D5.5;
			sourceTree = "<group>";
		};
		5E55B37B2998DA64001190C3 /* D5.6 */ = {
			isa = PBXGroup;
			children = (
				5E55B37C2998DA64001190C3 /* app_1.cpp */,
				5E55B37E2998DAFE001190C3 /* app_2.cpp */,
			);
			path = D5.6;
			sourceTree = "<group>";
		};
		5E55B391299BF4D8001190C3 /* D6.3 */ = {
			isa = PBXGroup;
			children = (
				5E55B394299BF4D8001190C3 /* app_1.cpp */,
				5E55B393299BF4D8001190C3 /* app_2.cpp */,
				5E55B392299BF4D8001190C3 /* app_3.cpp */,
			);
			path = D6.3;
			sourceTree = "<group>";
		};
		5E68E3B62950927600CB8CFB /* D3.6 */ = {
			isa = PBXGroup;
			children = (
				5E68E3B82950927600CB8CFB /* app_1.cpp */,
				5E68E3B72950927600CB8CFB /* app_2.cpp */,
			);
			path = D3.6;
			sourceTree = "<group>";
		};
		5E68E3D4295372A700CB8CFB /* D3.7 */ = {
			isa = PBXGroup;
			children = (
				5E68E3D5295372A700CB8CFB /* app.cpp */,
			);
			path = D3.7;
			sourceTree = "<group>";
		};
		5E68E3E7295589E100CB8CFB /* D3.8 */ = {
			isa = PBXGroup;
			children = (
				5E68E3E8295589E100CB8CFB /* app.cpp */,
			);
			path = D3.8;
			sourceTree = "<group>";
		};
		5E6A700E2934AFDB00506F6E = {
			isa = PBXGroup;
			children = (
				5E6A70192934AFDB00506F6E /* D1.1 */,
				5E3C1BA529375145002A0D39 /* D2.2 */,
				5E3C1BB229387875002A0D39 /* D2.3 */,
				5E74D894293A39D800BBF528 /* D2.4 */,
				5E11707629489CF4000B7619 /* D2.6 */,
				5E11707E294C74B2000B7619 /* D3.5 */,
				5E68E3B62950927600CB8CFB /* D3.6 */,
				5E68E3D4295372A700CB8CFB /* D3.7 */,
				5E68E3E7295589E100CB8CFB /* D3.8 */,
				5E73B5452959C5CB005CC05F /* D4.2 */,
				5E222E8F297047150030B76B /* D4.3 */,
				5E0BEE5529794D8C00EC6A95 /* D4.4 */,
				5EC9415B297FBE7900385B02 /* D5.2 */,
				5E3309E7298524DA004F1CC4 /* D5.3 */,
				5E471540298D534D00EEA8FB /* D5.5 */,
				5E55B37B2998DA64001190C3 /* D5.6 */,
				5E55B391299BF4D8001190C3 /* D6.3 */,
				5E6A70212934B49D00506F6E /* README.md */,
				5E6A70182934AFDB00506F6E /* Products */,
			);
			sourceTree = "<group>";
		};
		5E6A70182934AFDB00506F6E /* Products */ = {
			isa = PBXGroup;
			children = (
				5E6A70172934AFDB00506F6E /* D1.1 */,
				5E3C1BB029375184002A0D39 /* D2.2 */,
				5E3C1BBD29388623002A0D39 /* D2.3 */,
				5E74D891293A399E00BBF528 /* D2.4 */,
				5E11707529489CD3000B7619 /* D2.6 */,
				5E117089294C74BE000B7619 /* D3.5 */,
				5E68E3C32950928100CB8CFB /* D3.6 */,
				5E68E3D32953728E00CB8CFB /* D3.7 */,
				5E68E3E62955896C00CB8CFB /* D3.8 */,
				5E73B5442959C5A7005CC05F /* D4.2 */,
				5E222E8E297047050030B76B /* D4.3 */,
				5E0BEE5429794D7100EC6A95 /* D4.4 */,
				5EC94159297FBE3B00385B02 /* D5.2 */,
				5E3309E6298524AF004F1CC4 /* D5.3 */,
				5E47153F298D533700EEA8FB /* D5.5 */,
				5E55B37A2998DA52001190C3 /* D5.6 */,
				5E55B390299BF48F001190C3 /* D6.3 */,
			);
			name = Products;
			sourceTree = "<group>";
		};
		5E6A70192934AFDB00506F6E /* D1.1 */ = {
			isa = PBXGroup;
			children = (
				5E6A701A2934AFDB00506F6E /* main.cpp */,
			);
			path = D1.1;
			sourceTree = "<group>";
		};
		5E73B5452959C5CB005CC05F /* D4.2 */ = {
			isa = PBXGroup;
			children = (
				5E73B5462959C5CB005CC05F /* app_1.cpp */,
				5E73B5482959C9EA005CC05F /* app_2.cpp */,
			);
			path = D4.2;
			sourceTree = "<group>";
		};
		5E74D894293A39D800BBF528 /* D2.4 */ = {
			isa = PBXGroup;
			children = (
				5E74D89A293A431500BBF528 /* App.hpp */,
				5E74D899293A431500BBF528 /* App.cpp */,
				5E74D895293A39D800BBF528 /* main.cpp */,
			);
			path = D2.4;
			sourceTree = "<group>";
		};
		5EC9415B297FBE7900385B02 /* D5.2 */ = {
			isa = PBXGroup;
			children = (
				5EC9415C297FBE7900385B02 /* app.cpp */,
			);
			path = D5.2;
			sourceTree = "<group>";
		};
/* End PBXGroup section */

/* Begin PBXNativeTarget section */
		5E0BEE4C29794D7100EC6A95 /* D4.4 */ = {
			isa = PBXNativeTarget;
			buildConfigurationList = 5E0BEE5129794D7100EC6A95 /* Build configuration list for PBXNativeTarget "D4.4" */;
			buildPhases = (
				5E0BEE4D29794D7100EC6A95 /* Sources */,
				5E0BEE4F29794D7100EC6A95 /* Frameworks */,
				5E0BEE5029794D7100EC6A95 /* CopyFiles */,
			);
			buildRules = (
			);
			dependencies = (
			);
			name = D4.4;
			productName = "Console Application";
			productReference = 5E0BEE5429794D7100EC6A95 /* D4.4 */;
			productType = "com.apple.product-type.tool";
		};
		5E11706C29489CD3000B7619 /* D2.6 */ = {
			isa = PBXNativeTarget;
			buildConfigurationList = 5E11707229489CD3000B7619 /* Build configuration list for PBXNativeTarget "D2.6" */;
			buildPhases = (
				5E11706D29489CD3000B7619 /* Sources */,
				5E11707029489CD3000B7619 /* Frameworks */,
				5E11707129489CD3000B7619 /* CopyFiles */,
			);
			buildRules = (
			);
			dependencies = (
			);
			name = D2.6;
			productName = "Console Application";
			productReference = 5E11707529489CD3000B7619 /* D2.6 */;
			productType = "com.apple.product-type.tool";
		};
		5E117080294C74BE000B7619 /* D3.5 */ = {
			isa = PBXNativeTarget;
			buildConfigurationList = 5E117086294C74BE000B7619 /* Build configuration list for PBXNativeTarget "D3.5" */;
			buildPhases = (
				5E117081294C74BE000B7619 /* Sources */,
				5E117084294C74BE000B7619 /* Frameworks */,
				5E117085294C74BE000B7619 /* CopyFiles */,
			);
			buildRules = (
			);
			dependencies = (
			);
			name = D3.5;
			productName = "Console Application";
			productReference = 5E117089294C74BE000B7619 /* D3.5 */;
			productType = "com.apple.product-type.tool";
		};
		5E222E85297047050030B76B /* D4.3 */ = {
			isa = PBXNativeTarget;
			buildConfigurationList = 5E222E8B297047050030B76B /* Build configuration list for PBXNativeTarget "D4.3" */;
			buildPhases = (
				5E222E86297047050030B76B /* Sources */,
				5E222E89297047050030B76B /* Frameworks */,
				5E222E8A297047050030B76B /* CopyFiles */,
			);
			buildRules = (
			);
			dependencies = (
			);
			name = D4.3;
			productName = "Console Application";
			productReference = 5E222E8E297047050030B76B /* D4.3 */;
			productType = "com.apple.product-type.tool";
		};
		5E3309DD298524AF004F1CC4 /* D5.3 */ = {
			isa = PBXNativeTarget;
			buildConfigurationList = 5E3309E3298524AF004F1CC4 /* Build configuration list for PBXNativeTarget "D5.3" */;
			buildPhases = (
				5E3309DE298524AF004F1CC4 /* Sources */,
				5E3309E1298524AF004F1CC4 /* Frameworks */,
				5E3309E2298524AF004F1CC4 /* CopyFiles */,
			);
			buildRules = (
			);
			dependencies = (
			);
			name = D5.3;
			productName = "Console Application";
			productReference = 5E3309E6298524AF004F1CC4 /* D5.3 */;
			productType = "com.apple.product-type.tool";
		};
		5E3C1BA829375184002A0D39 /* D2.2 */ = {
			isa = PBXNativeTarget;
			buildConfigurationList = 5E3C1BAD29375184002A0D39 /* Build configuration list for PBXNativeTarget "D2.2" */;
			buildPhases = (
				5E3C1BA929375184002A0D39 /* Sources */,
				5E3C1BAB29375184002A0D39 /* Frameworks */,
				5E3C1BAC29375184002A0D39 /* CopyFiles */,
			);
			buildRules = (
			);
			dependencies = (
			);
			name = D2.2;
			productName = "Console Application";
			productReference = 5E3C1BB029375184002A0D39 /* D2.2 */;
			productType = "com.apple.product-type.tool";
		};
		5E3C1BB529388623002A0D39 /* D2.3 */ = {
			isa = PBXNativeTarget;
			buildConfigurationList = 5E3C1BBA29388623002A0D39 /* Build configuration list for PBXNativeTarget "D2.3" */;
			buildPhases = (
				5E3C1BB629388623002A0D39 /* Sources */,
				5E3C1BB829388623002A0D39 /* Frameworks */,
				5E3C1BB929388623002A0D39 /* CopyFiles */,
			);
			buildRules = (
			);
			dependencies = (
			);
			name = D2.3;
			productName = "Console Application";
			productReference = 5E3C1BBD29388623002A0D39 /* D2.3 */;
			productType = "com.apple.product-type.tool";
		};
		5E471536298D533700EEA8FB /* D5.5 */ = {
			isa = PBXNativeTarget;
			buildConfigurationList = 5E47153C298D533700EEA8FB /* Build configuration list for PBXNativeTarget "D5.5" */;
			buildPhases = (
				5E471537298D533700EEA8FB /* Sources */,
				5E47153A298D533700EEA8FB /* Frameworks */,
				5E47153B298D533700EEA8FB /* CopyFiles */,
			);
			buildRules = (
			);
			dependencies = (
			);
			name = D5.5;
			productName = "Console Application";
			productReference = 5E47153F298D533700EEA8FB /* D5.5 */;
			productType = "com.apple.product-type.tool";
		};
		5E55B3712998DA51001190C3 /* D5.6 */ = {
			isa = PBXNativeTarget;
			buildConfigurationList = 5E55B3772998DA51001190C3 /* Build configuration list for PBXNativeTarget "D5.6" */;
			buildPhases = (
				5E55B3722998DA51001190C3 /* Sources */,
				5E55B3752998DA51001190C3 /* Frameworks */,
				5E55B3762998DA51001190C3 /* CopyFiles */,
			);
			buildRules = (
			);
			dependencies = (
			);
			name = D5.6;
			productName = "Console Application";
			productReference = 5E55B37A2998DA52001190C3 /* D5.6 */;
			productType = "com.apple.product-type.tool";
		};
		5E55B386299BF48F001190C3 /* D6.3 */ = {
			isa = PBXNativeTarget;
			buildConfigurationList = 5E55B38D299BF48F001190C3 /* Build configuration list for PBXNativeTarget "D6.3" */;
			buildPhases = (
				5E55B387299BF48F001190C3 /* Sources */,
				5E55B38B299BF48F001190C3 /* Frameworks */,
				5E55B38C299BF48F001190C3 /* CopyFiles */,
			);
			buildRules = (
			);
			dependencies = (
			);
			name = D6.3;
			productName = "Console Application";
			productReference = 5E55B390299BF48F001190C3 /* D6.3 */;
			productType = "com.apple.product-type.tool";
		};
		5E68E3B92950928100CB8CFB /* D3.6 */ = {
			isa = PBXNativeTarget;
			buildConfigurationList = 5E68E3C02950928100CB8CFB /* Build configuration list for PBXNativeTarget "D3.6" */;
			buildPhases = (
				5E68E3BA2950928100CB8CFB /* Sources */,
				5E68E3BE2950928100CB8CFB /* Frameworks */,
				5E68E3BF2950928100CB8CFB /* CopyFiles */,
			);
			buildRules = (
			);
			dependencies = (
			);
			name = D3.6;
			productName = "Console Application";
			productReference = 5E68E3C32950928100CB8CFB /* D3.6 */;
			productType = "com.apple.product-type.tool";
		};
		5E68E3CA2953728E00CB8CFB /* D3.7 */ = {
			isa = PBXNativeTarget;
			buildConfigurationList = 5E68E3D02953728E00CB8CFB /* Build configuration list for PBXNativeTarget "D3.7" */;
			buildPhases = (
				5E68E3CB2953728E00CB8CFB /* Sources */,
				5E68E3CE2953728E00CB8CFB /* Frameworks */,
				5E68E3CF2953728E00CB8CFB /* CopyFiles */,
			);
			buildRules = (
			);
			dependencies = (
			);
			name = D3.7;
			productName = "Console Application";
			productReference = 5E68E3D32953728E00CB8CFB /* D3.7 */;
			productType = "com.apple.product-type.tool";
		};
		5E68E3DE2955896C00CB8CFB /* D3.8 */ = {
			isa = PBXNativeTarget;
			buildConfigurationList = 5E68E3E32955896C00CB8CFB /* Build configuration list for PBXNativeTarget "D3.8" */;
			buildPhases = (
				5E68E3DF2955896C00CB8CFB /* Sources */,
				5E68E3E12955896C00CB8CFB /* Frameworks */,
				5E68E3E22955896C00CB8CFB /* CopyFiles */,
			);
			buildRules = (
			);
			dependencies = (
			);
			name = D3.8;
			productName = "Console Application";
			productReference = 5E68E3E62955896C00CB8CFB /* D3.8 */;
			productType = "com.apple.product-type.tool";
		};
		5E6A70162934AFDB00506F6E /* D1.1 */ = {
			isa = PBXNativeTarget;
			buildConfigurationList = 5E6A701E2934AFDB00506F6E /* Build configuration list for PBXNativeTarget "D1.1" */;
			buildPhases = (
				5E6A70132934AFDB00506F6E /* Sources */,
				5E6A70142934AFDB00506F6E /* Frameworks */,
				5E6A70152934AFDB00506F6E /* CopyFiles */,
			);
			buildRules = (
			);
			dependencies = (
			);
			name = D1.1;
			productName = "Console Application";
			productReference = 5E6A70172934AFDB00506F6E /* D1.1 */;
			productType = "com.apple.product-type.tool";
		};
		5E73B53C2959C5A7005CC05F /* D4.2 */ = {
			isa = PBXNativeTarget;
			buildConfigurationList = 5E73B5412959C5A7005CC05F /* Build configuration list for PBXNativeTarget "D4.2" */;
			buildPhases = (
				5E73B53D2959C5A7005CC05F /* Sources */,
				5E73B53F2959C5A7005CC05F /* Frameworks */,
				5E73B5402959C5A7005CC05F /* CopyFiles */,
			);
			buildRules = (
			);
			dependencies = (
			);
			name = D4.2;
			productName = "Console Application";
			productReference = 5E73B5442959C5A7005CC05F /* D4.2 */;
			productType = "com.apple.product-type.tool";
		};
		5E74D889293A399E00BBF528 /* D2.4 */ = {
			isa = PBXNativeTarget;
			buildConfigurationList = 5E74D88E293A399E00BBF528 /* Build configuration list for PBXNativeTarget "D2.4" */;
			buildPhases = (
				5E74D88A293A399E00BBF528 /* Sources */,
				5E74D88C293A399E00BBF528 /* Frameworks */,
				5E74D88D293A399E00BBF528 /* CopyFiles */,
			);
			buildRules = (
			);
			dependencies = (
			);
			name = D2.4;
			productName = "Console Application";
			productReference = 5E74D891293A399E00BBF528 /* D2.4 */;
			productType = "com.apple.product-type.tool";
		};
		5EC94150297FBE3B00385B02 /* D5.2 */ = {
			isa = PBXNativeTarget;
			buildConfigurationList = 5EC94156297FBE3B00385B02 /* Build configuration list for PBXNativeTarget "D5.2" */;
			buildPhases = (
				5EC94151297FBE3B00385B02 /* Sources */,
				5EC94154297FBE3B00385B02 /* Frameworks */,
				5EC94155297FBE3B00385B02 /* CopyFiles */,
			);
			buildRules = (
			);
			dependencies = (
			);
			name = D5.2;
			productName = "Console Application";
			productReference = 5EC94159297FBE3B00385B02 /* D5.2 */;
			productType = "com.apple.product-type.tool";
		};
/* End PBXNativeTarget section */

/* Begin PBXProject section */
		5E6A700F2934AFDB00506F6E /* Project object */ = {
			isa = PBXProject;
			attributes = {
				BuildIndependentTargetsInParallel = 1;
				LastUpgradeCheck = 1410;
				TargetAttributes = {
					5E6A70162934AFDB00506F6E = {
						CreatedOnToolsVersion = 14.1;
					};
				};
			};
			buildConfigurationList = 5E6A70122934AFDB00506F6E /* Build configuration list for PBXProject "ConsoleApplication" */;
			compatibilityVersion = "Xcode 14.0";
			developmentRegion = en;
			hasScannedForEncodings = 0;
			knownRegions = (
				en,
				Base,
			);
			mainGroup = 5E6A700E2934AFDB00506F6E;
			productRefGroup = 5E6A70182934AFDB00506F6E /* Products */;
			projectDirPath = "";
			projectRoot = "";
			targets = (
				5E6A70162934AFDB00506F6E /* D1.1 */,
				5E3C1BA829375184002A0D39 /* D2.2 */,
				5E3C1BB529388623002A0D39 /* D2.3 */,
				5E74D889293A399E00BBF528 /* D2.4 */,
				5E11706C29489CD3000B7619 /* D2.6 */,
				5E117080294C74BE000B7619 /* D3.5 */,
				5E68E3B92950928100CB8CFB /* D3.6 */,
				5E68E3CA2953728E00CB8CFB /* D3.7 */,
				5E68E3DE2955896C00CB8CFB /* D3.8 */,
				5E73B53C2959C5A7005CC05F /* D4.2 */,
				5E222E85297047050030B76B /* D4.3 */,
				5E0BEE4C29794D7100EC6A95 /* D4.4 */,
				5EC94150297FBE3B00385B02 /* D5.2 */,
				5E3309DD298524AF004F1CC4 /* D5.3 */,
				5E471536298D533700EEA8FB /* D5.5 */,
				5E55B3712998DA51001190C3 /* D5.6 */,
				5E55B386299BF48F001190C3 /* D6.3 */,
			);
		};
/* End PBXProject section */

/* Begin PBXSourcesBuildPhase section */
		5E0BEE4D29794D7100EC6A95 /* Sources */ = {
			isa = PBXSourcesBuildPhase;
			buildActionMask = 2147483647;
			files = (
				5E0BEE4E29794D7100EC6A95 /* app.cpp in Sources */,
				5E0BEE5729794D8C00EC6A95 /* app.cpp in Sources */,
			);
			runOnlyForDeploymentPostprocessing = 0;
		};
		5E11706D29489CD3000B7619 /* Sources */ = {
			isa = PBXSourcesBuildPhase;
			buildActionMask = 2147483647;
			files = (
				5E11707A29489CF4000B7619 /* main.cpp in Sources */,
				5E11707B29489CF4000B7619 /* App.cpp in Sources */,
			);
			runOnlyForDeploymentPostprocessing = 0;
		};
		5E117081294C74BE000B7619 /* Sources */ = {
			isa = PBXSourcesBuildPhase;
			buildActionMask = 2147483647;
			files = (
				5E11708F294C751F000B7619 /* app_2.cpp in Sources */,
				5E11708B294C74D8000B7619 /* app_1_1.cpp in Sources */,
				5E11708D294C7506000B7619 /* app_1_2.cpp in Sources */,
			);
			runOnlyForDeploymentPostprocessing = 0;
		};
		5E222E86297047050030B76B /* Sources */ = {
			isa = PBXSourcesBuildPhase;
			buildActionMask = 2147483647;
			files = (
			);
			runOnlyForDeploymentPostprocessing = 0;
		};
		5E3309DE298524AF004F1CC4 /* Sources */ = {
			isa = PBXSourcesBuildPhase;
			buildActionMask = 2147483647;
			files = (
				5E3309DF298524AF004F1CC4 /* app.cpp in Sources */,
				5E3309E9298524DA004F1CC4 /* app.cpp in Sources */,
			);
			runOnlyForDeploymentPostprocessing = 0;
		};
		5E3C1BA929375184002A0D39 /* Sources */ = {
			isa = PBXSourcesBuildPhase;
			buildActionMask = 2147483647;
			files = (
				5E3C1BB12937518C002A0D39 /* main.cpp in Sources */,
			);
			runOnlyForDeploymentPostprocessing = 0;
		};
		5E3C1BB629388623002A0D39 /* Sources */ = {
			isa = PBXSourcesBuildPhase;
			buildActionMask = 2147483647;
			files = (
				5E3C1BBE29388630002A0D39 /* main.cpp in Sources */,
			);
			runOnlyForDeploymentPostprocessing = 0;
		};
		5E471537298D533700EEA8FB /* Sources */ = {
			isa = PBXSourcesBuildPhase;
			buildActionMask = 2147483647;
			files = (
				5E471538298D533700EEA8FB /* app.cpp in Sources */,
				5E471542298D534D00EEA8FB /* app.cpp in Sources */,
			);
			runOnlyForDeploymentPostprocessing = 0;
		};
		5E55B3722998DA51001190C3 /* Sources */ = {
			isa = PBXSourcesBuildPhase;
			buildActionMask = 2147483647;
			files = (
				5E55B3732998DA51001190C3 /* app.cpp in Sources */,
				5E55B37F2998DAFE001190C3 /* app_2.cpp in Sources */,
				5E55B37D2998DA64001190C3 /* app_1.cpp in Sources */,
			);
			runOnlyForDeploymentPostprocessing = 0;
		};
		5E55B387299BF48F001190C3 /* Sources */ = {
			isa = PBXSourcesBuildPhase;
			buildActionMask = 2147483647;
			files = (
				5E55B396299BF4D8001190C3 /* app_2.cpp in Sources */,
				5E55B397299BF4D8001190C3 /* app_1.cpp in Sources */,
				5E55B388299BF48F001190C3 /* app.cpp in Sources */,
				5E55B395299BF4D8001190C3 /* app_3.cpp in Sources */,
				5E55B389299BF48F001190C3 /* app_2.cpp in Sources */,
			);
			runOnlyForDeploymentPostprocessing = 0;
		};
		5E68E3BA2950928100CB8CFB /* Sources */ = {
			isa = PBXSourcesBuildPhase;
			buildActionMask = 2147483647;
			files = (
				5E68E3C52950929300CB8CFB /* app_2.cpp in Sources */,
				5E68E3C42950929300CB8CFB /* app_1.cpp in Sources */,
			);
			runOnlyForDeploymentPostprocessing = 0;
		};
		5E68E3CB2953728E00CB8CFB /* Sources */ = {
			isa = PBXSourcesBuildPhase;
			buildActionMask = 2147483647;
			files = (
				5E68E3D6295372A700CB8CFB /* app.cpp in Sources */,
			);
			runOnlyForDeploymentPostprocessing = 0;
		};
		5E68E3DF2955896C00CB8CFB /* Sources */ = {
			isa = PBXSourcesBuildPhase;
			buildActionMask = 2147483647;
			files = (
				5E68E3E9295589E100CB8CFB /* app.cpp in Sources */,
			);
			runOnlyForDeploymentPostprocessing = 0;
		};
		5E6A70132934AFDB00506F6E /* Sources */ = {
			isa = PBXSourcesBuildPhase;
			buildActionMask = 2147483647;
			files = (
				5E6A701B2934AFDB00506F6E /* main.cpp in Sources */,
			);
			runOnlyForDeploymentPostprocessing = 0;
		};
		5E73B53D2959C5A7005CC05F /* Sources */ = {
			isa = PBXSourcesBuildPhase;
			buildActionMask = 2147483647;
			files = (
				5E222E93297047230030B76B /* app_2.cpp in Sources */,
				5E222E922970471F0030B76B /* app_1.cpp in Sources */,
			);
			runOnlyForDeploymentPostprocessing = 0;
		};
		5E74D88A293A399E00BBF528 /* Sources */ = {
			isa = PBXSourcesBuildPhase;
			buildActionMask = 2147483647;
			files = (
				5E74D896293A39D800BBF528 /* main.cpp in Sources */,
				5E74D89B293A431500BBF528 /* App.cpp in Sources */,
			);
			runOnlyForDeploymentPostprocessing = 0;
		};
		5EC94151297FBE3B00385B02 /* Sources */ = {
			isa = PBXSourcesBuildPhase;
			buildActionMask = 2147483647;
			files = (
				5EC94152297FBE3B00385B02 /* app.cpp in Sources */,
				5EC9415D297FBE7900385B02 /* app.cpp in Sources */,
			);
			runOnlyForDeploymentPostprocessing = 0;
		};
/* End PBXSourcesBuildPhase section */

/* Begin XCBuildConfiguration section */
		5E0BEE5229794D7100EC6A95 /* Debug */ = {
			isa = XCBuildConfiguration;
			buildSettings = {
				CODE_SIGN_STYLE = Automatic;
				DEVELOPMENT_TEAM = N455BJCT3S;
				ENABLE_HARDENED_RUNTIME = YES;
				PRODUCT_NAME = "$(TARGET_NAME)";
			};
			name = Debug;
		};
		5E0BEE5329794D7100EC6A95 /* Release */ = {
			isa = XCBuildConfiguration;
			buildSettings = {
				CODE_SIGN_STYLE = Automatic;
				DEVELOPMENT_TEAM = N455BJCT3S;
				ENABLE_HARDENED_RUNTIME = YES;
				PRODUCT_NAME = "$(TARGET_NAME)";
			};
			name = Release;
		};
		5E11707329489CD3000B7619 /* Debug */ = {
			isa = XCBuildConfiguration;
			buildSettings = {
				CODE_SIGN_STYLE = Automatic;
				DEVELOPMENT_TEAM = N455BJCT3S;
				ENABLE_HARDENED_RUNTIME = YES;
				PRODUCT_NAME = "$(TARGET_NAME)";
			};
			name = Debug;
		};
		5E11707429489CD3000B7619 /* Release */ = {
			isa = XCBuildConfiguration;
			buildSettings = {
				CODE_SIGN_STYLE = Automatic;
				DEVELOPMENT_TEAM = N455BJCT3S;
				ENABLE_HARDENED_RUNTIME = YES;
				PRODUCT_NAME = "$(TARGET_NAME)";
			};
			name = Release;
		};
		5E117087294C74BE000B7619 /* Debug */ = {
			isa = XCBuildConfiguration;
			buildSettings = {
				CODE_SIGN_STYLE = Automatic;
				DEVELOPMENT_TEAM = N455BJCT3S;
				ENABLE_HARDENED_RUNTIME = YES;
				PRODUCT_NAME = "$(TARGET_NAME)";
			};
			name = Debug;
		};
		5E117088294C74BE000B7619 /* Release */ = {
			isa = XCBuildConfiguration;
			buildSettings = {
				CODE_SIGN_STYLE = Automatic;
				DEVELOPMENT_TEAM = N455BJCT3S;
				ENABLE_HARDENED_RUNTIME = YES;
				PRODUCT_NAME = "$(TARGET_NAME)";
			};
			name = Release;
		};
		5E222E8C297047050030B76B /* Debug */ = {
			isa = XCBuildConfiguration;
			buildSettings = {
				CODE_SIGN_STYLE = Automatic;
				DEVELOPMENT_TEAM = N455BJCT3S;
				ENABLE_HARDENED_RUNTIME = YES;
				PRODUCT_NAME = "$(TARGET_NAME)";
			};
			name = Debug;
		};
		5E222E8D297047050030B76B /* Release */ = {
			isa = XCBuildConfiguration;
			buildSettings = {
				CODE_SIGN_STYLE = Automatic;
				DEVELOPMENT_TEAM = N455BJCT3S;
				ENABLE_HARDENED_RUNTIME = YES;
				PRODUCT_NAME = "$(TARGET_NAME)";
			};
			name = Release;
		};
		5E3309E4298524AF004F1CC4 /* Debug */ = {
			isa = XCBuildConfiguration;
			buildSettings = {
				CODE_SIGN_STYLE = Automatic;
				DEVELOPMENT_TEAM = N455BJCT3S;
				ENABLE_HARDENED_RUNTIME = YES;
				PRODUCT_NAME = "$(TARGET_NAME)";
			};
			name = Debug;
		};
		5E3309E5298524AF004F1CC4 /* Release */ = {
			isa = XCBuildConfiguration;
			buildSettings = {
				CODE_SIGN_STYLE = Automatic;
				DEVELOPMENT_TEAM = N455BJCT3S;
				ENABLE_HARDENED_RUNTIME = YES;
				PRODUCT_NAME = "$(TARGET_NAME)";
			};
			name = Release;
		};
		5E3C1BAE29375184002A0D39 /* Debug */ = {
			isa = XCBuildConfiguration;
			buildSettings = {
				CODE_SIGN_STYLE = Automatic;
				DEVELOPMENT_TEAM = N455BJCT3S;
				ENABLE_HARDENED_RUNTIME = YES;
				PRODUCT_NAME = "$(TARGET_NAME)";
			};
			name = Debug;
		};
		5E3C1BAF29375184002A0D39 /* Release */ = {
			isa = XCBuildConfiguration;
			buildSettings = {
				CODE_SIGN_STYLE = Automatic;
				DEVELOPMENT_TEAM = N455BJCT3S;
				ENABLE_HARDENED_RUNTIME = YES;
				PRODUCT_NAME = "$(TARGET_NAME)";
			};
			name = Release;
		};
		5E3C1BBB29388623002A0D39 /* Debug */ = {
			isa = XCBuildConfiguration;
			buildSettings = {
				CODE_SIGN_STYLE = Automatic;
				DEVELOPMENT_TEAM = N455BJCT3S;
				ENABLE_HARDENED_RUNTIME = YES;
				PRODUCT_NAME = "$(TARGET_NAME)";
			};
			name = Debug;
		};
		5E3C1BBC29388623002A0D39 /* Release */ = {
			isa = XCBuildConfiguration;
			buildSettings = {
				CODE_SIGN_STYLE = Automatic;
				DEVELOPMENT_TEAM = N455BJCT3S;
				ENABLE_HARDENED_RUNTIME = YES;
				PRODUCT_NAME = "$(TARGET_NAME)";
			};
			name = Release;
		};
		5E47153D298D533700EEA8FB /* Debug */ = {
			isa = XCBuildConfiguration;
			buildSettings = {
				CODE_SIGN_STYLE = Automatic;
				DEVELOPMENT_TEAM = N455BJCT3S;
				ENABLE_HARDENED_RUNTIME = YES;
				PRODUCT_NAME = "$(TARGET_NAME)";
			};
			name = Debug;
		};
		5E47153E298D533700EEA8FB /* Release */ = {
			isa = XCBuildConfiguration;
			buildSettings = {
				CODE_SIGN_STYLE = Automatic;
				DEVELOPMENT_TEAM = N455BJCT3S;
				ENABLE_HARDENED_RUNTIME = YES;
				PRODUCT_NAME = "$(TARGET_NAME)";
			};
			name = Release;
		};
		5E55B3782998DA51001190C3 /* Debug */ = {
			isa = XCBuildConfiguration;
			buildSettings = {
				CODE_SIGN_STYLE = Automatic;
				DEVELOPMENT_TEAM = N455BJCT3S;
				ENABLE_HARDENED_RUNTIME = YES;
				PRODUCT_NAME = "$(TARGET_NAME)";
			};
			name = Debug;
		};
		5E55B3792998DA51001190C3 /* Release */ = {
			isa = XCBuildConfiguration;
			buildSettings = {
				CODE_SIGN_STYLE = Automatic;
				DEVELOPMENT_TEAM = N455BJCT3S;
				ENABLE_HARDENED_RUNTIME = YES;
				PRODUCT_NAME = "$(TARGET_NAME)";
			};
			name = Release;
		};
		5E55B38E299BF48F001190C3 /* Debug */ = {
			isa = XCBuildConfiguration;
			buildSettings = {
				CODE_SIGN_STYLE = Automatic;
				DEVELOPMENT_TEAM = N455BJCT3S;
				ENABLE_HARDENED_RUNTIME = YES;
				PRODUCT_NAME = "$(TARGET_NAME)";
			};
			name = Debug;
		};
		5E55B38F299BF48F001190C3 /* Release */ = {
			isa = XCBuildConfiguration;
			buildSettings = {
				CODE_SIGN_STYLE = Automatic;
				DEVELOPMENT_TEAM = N455BJCT3S;
				ENABLE_HARDENED_RUNTIME = YES;
				PRODUCT_NAME = "$(TARGET_NAME)";
			};
			name = Release;
		};
		5E68E3C12950928100CB8CFB /* Debug */ = {
			isa = XCBuildConfiguration;
			buildSettings = {
				CODE_SIGN_STYLE = Automatic;
				DEVELOPMENT_TEAM = N455BJCT3S;
				ENABLE_HARDENED_RUNTIME = YES;
				PRODUCT_NAME = "$(TARGET_NAME)";
			};
			name = Debug;
		};
		5E68E3C22950928100CB8CFB /* Release */ = {
			isa = XCBuildConfiguration;
			buildSettings = {
				CODE_SIGN_STYLE = Automatic;
				DEVELOPMENT_TEAM = N455BJCT3S;
				ENABLE_HARDENED_RUNTIME = YES;
				PRODUCT_NAME = "$(TARGET_NAME)";
			};
			name = Release;
		};
		5E68E3D12953728E00CB8CFB /* Debug */ = {
			isa = XCBuildConfiguration;
			buildSettings = {
				CODE_SIGN_STYLE = Automatic;
				DEVELOPMENT_TEAM = N455BJCT3S;
				ENABLE_HARDENED_RUNTIME = YES;
				PRODUCT_NAME = "$(TARGET_NAME)";
			};
			name = Debug;
		};
		5E68E3D22953728E00CB8CFB /* Release */ = {
			isa = XCBuildConfiguration;
			buildSettings = {
				CODE_SIGN_STYLE = Automatic;
				DEVELOPMENT_TEAM = N455BJCT3S;
				ENABLE_HARDENED_RUNTIME = YES;
				PRODUCT_NAME = "$(TARGET_NAME)";
			};
			name = Release;
		};
		5E68E3E42955896C00CB8CFB /* Debug */ = {
			isa = XCBuildConfiguration;
			buildSettings = {
				CODE_SIGN_STYLE = Automatic;
				DEVELOPMENT_TEAM = N455BJCT3S;
				ENABLE_HARDENED_RUNTIME = YES;
				PRODUCT_NAME = "$(TARGET_NAME)";
			};
			name = Debug;
		};
		5E68E3E52955896C00CB8CFB /* Release */ = {
			isa = XCBuildConfiguration;
			buildSettings = {
				CODE_SIGN_STYLE = Automatic;
				DEVELOPMENT_TEAM = N455BJCT3S;
				ENABLE_HARDENED_RUNTIME = YES;
				PRODUCT_NAME = "$(TARGET_NAME)";
			};
			name = Release;
		};
		5E6A701C2934AFDB00506F6E /* Debug */ = {
			isa = XCBuildConfiguration;
			buildSettings = {
				ALWAYS_SEARCH_USER_PATHS = NO;
				CLANG_ANALYZER_NONNULL = YES;
				CLANG_ANALYZER_NUMBER_OBJECT_CONVERSION = YES_AGGRESSIVE;
				CLANG_CXX_LANGUAGE_STANDARD = "gnu++20";
				CLANG_ENABLE_MODULES = YES;
				CLANG_ENABLE_OBJC_ARC = YES;
				CLANG_ENABLE_OBJC_WEAK = YES;
				CLANG_WARN_BLOCK_CAPTURE_AUTORELEASING = YES;
				CLANG_WARN_BOOL_CONVERSION = YES;
				CLANG_WARN_COMMA = YES;
				CLANG_WARN_CONSTANT_CONVERSION = YES;
				CLANG_WARN_DEPRECATED_OBJC_IMPLEMENTATIONS = YES;
				CLANG_WARN_DIRECT_OBJC_ISA_USAGE = YES_ERROR;
				CLANG_WARN_DOCUMENTATION_COMMENTS = YES;
				CLANG_WARN_EMPTY_BODY = YES;
				CLANG_WARN_ENUM_CONVERSION = YES;
				CLANG_WARN_INFINITE_RECURSION = YES;
				CLANG_WARN_INT_CONVERSION = YES;
				CLANG_WARN_NON_LITERAL_NULL_CONVERSION = YES;
				CLANG_WARN_OBJC_IMPLICIT_RETAIN_SELF = YES;
				CLANG_WARN_OBJC_LITERAL_CONVERSION = YES;
				CLANG_WARN_OBJC_ROOT_CLASS = YES_ERROR;
				CLANG_WARN_QUOTED_INCLUDE_IN_FRAMEWORK_HEADER = YES;
				CLANG_WARN_RANGE_LOOP_ANALYSIS = YES;
				CLANG_WARN_STRICT_PROTOTYPES = YES;
				CLANG_WARN_SUSPICIOUS_MOVE = YES;
				CLANG_WARN_UNGUARDED_AVAILABILITY = YES_AGGRESSIVE;
				CLANG_WARN_UNREACHABLE_CODE = YES;
				CLANG_WARN__DUPLICATE_METHOD_MATCH = YES;
				COPY_PHASE_STRIP = NO;
				DEBUG_INFORMATION_FORMAT = dwarf;
				ENABLE_STRICT_OBJC_MSGSEND = YES;
				ENABLE_TESTABILITY = YES;
				GCC_C_LANGUAGE_STANDARD = gnu11;
				GCC_DYNAMIC_NO_PIC = NO;
				GCC_NO_COMMON_BLOCKS = YES;
				GCC_OPTIMIZATION_LEVEL = 0;
				GCC_PREPROCESSOR_DEFINITIONS = (
					"DEBUG=1",
					"$(inherited)",
				);
				GCC_WARN_64_TO_32_BIT_CONVERSION = YES;
				GCC_WARN_ABOUT_RETURN_TYPE = YES_ERROR;
				GCC_WARN_UNDECLARED_SELECTOR = YES;
				GCC_WARN_UNINITIALIZED_AUTOS = YES_AGGRESSIVE;
				GCC_WARN_UNUSED_FUNCTION = YES;
				GCC_WARN_UNUSED_VARIABLE = YES;
				MACOSX_DEPLOYMENT_TARGET = 12.6;
				MTL_ENABLE_DEBUG_INFO = INCLUDE_SOURCE;
				MTL_FAST_MATH = YES;
				ONLY_ACTIVE_ARCH = YES;
				SDKROOT = macosx;
			};
			name = Debug;
		};
		5E6A701D2934AFDB00506F6E /* Release */ = {
			isa = XCBuildConfiguration;
			buildSettings = {
				ALWAYS_SEARCH_USER_PATHS = NO;
				CLANG_ANALYZER_NONNULL = YES;
				CLANG_ANALYZER_NUMBER_OBJECT_CONVERSION = YES_AGGRESSIVE;
				CLANG_CXX_LANGUAGE_STANDARD = "gnu++20";
				CLANG_ENABLE_MODULES = YES;
				CLANG_ENABLE_OBJC_ARC = YES;
				CLANG_ENABLE_OBJC_WEAK = YES;
				CLANG_WARN_BLOCK_CAPTURE_AUTORELEASING = YES;
				CLANG_WARN_BOOL_CONVERSION = YES;
				CLANG_WARN_COMMA = YES;
				CLANG_WARN_CONSTANT_CONVERSION = YES;
				CLANG_WARN_DEPRECATED_OBJC_IMPLEMENTATIONS = YES;
				CLANG_WARN_DIRECT_OBJC_ISA_USAGE = YES_ERROR;
				CLANG_WARN_DOCUMENTATION_COMMENTS = YES;
				CLANG_WARN_EMPTY_BODY = YES;
				CLANG_WARN_ENUM_CONVERSION = YES;
				CLANG_WARN_INFINITE_RECURSION = YES;
				CLANG_WARN_INT_CONVERSION = YES;
				CLANG_WARN_NON_LITERAL_NULL_CONVERSION = YES;
				CLANG_WARN_OBJC_IMPLICIT_RETAIN_SELF = YES;
				CLANG_WARN_OBJC_LITERAL_CONVERSION = YES;
				CLANG_WARN_OBJC_ROOT_CLASS = YES_ERROR;
				CLANG_WARN_QUOTED_INCLUDE_IN_FRAMEWORK_HEADER = YES;
				CLANG_WARN_RANGE_LOOP_ANALYSIS = YES;
				CLANG_WARN_STRICT_PROTOTYPES = YES;
				CLANG_WARN_SUSPICIOUS_MOVE = YES;
				CLANG_WARN_UNGUARDED_AVAILABILITY = YES_AGGRESSIVE;
				CLANG_WARN_UNREACHABLE_CODE = YES;
				CLANG_WARN__DUPLICATE_METHOD_MATCH = YES;
				COPY_PHASE_STRIP = NO;
				DEBUG_INFORMATION_FORMAT = "dwarf-with-dsym";
				ENABLE_NS_ASSERTIONS = NO;
				ENABLE_STRICT_OBJC_MSGSEND = YES;
				GCC_C_LANGUAGE_STANDARD = gnu11;
				GCC_NO_COMMON_BLOCKS = YES;
				GCC_WARN_64_TO_32_BIT_CONVERSION = YES;
				GCC_WARN_ABOUT_RETURN_TYPE = YES_ERROR;
				GCC_WARN_UNDECLARED_SELECTOR = YES;
				GCC_WARN_UNINITIALIZED_AUTOS = YES_AGGRESSIVE;
				GCC_WARN_UNUSED_FUNCTION = YES;
				GCC_WARN_UNUSED_VARIABLE = YES;
				MACOSX_DEPLOYMENT_TARGET = 12.6;
				MTL_ENABLE_DEBUG_INFO = NO;
				MTL_FAST_MATH = YES;
				SDKROOT = macosx;
			};
			name = Release;
		};
		5E6A701F2934AFDB00506F6E /* Debug */ = {
			isa = XCBuildConfiguration;
			buildSettings = {
				CODE_SIGN_STYLE = Automatic;
				DEVELOPMENT_TEAM = N455BJCT3S;
				ENABLE_HARDENED_RUNTIME = YES;
				PRODUCT_NAME = "$(TARGET_NAME)";
			};
			name = Debug;
		};
		5E6A70202934AFDB00506F6E /* Release */ = {
			isa = XCBuildConfiguration;
			buildSettings = {
				CODE_SIGN_STYLE = Automatic;
				DEVELOPMENT_TEAM = N455BJCT3S;
				ENABLE_HARDENED_RUNTIME = YES;
				PRODUCT_NAME = "$(TARGET_NAME)";
			};
			name = Release;
		};
		5E73B5422959C5A7005CC05F /* Debug */ = {
			isa = XCBuildConfiguration;
			buildSettings = {
				CODE_SIGN_STYLE = Automatic;
				DEVELOPMENT_TEAM = N455BJCT3S;
				ENABLE_HARDENED_RUNTIME = YES;
				PRODUCT_NAME = "$(TARGET_NAME)";
			};
			name = Debug;
		};
		5E73B5432959C5A7005CC05F /* Release */ = {
			isa = XCBuildConfiguration;
			buildSettings = {
				CODE_SIGN_STYLE = Automatic;
				DEVELOPMENT_TEAM = N455BJCT3S;
				ENABLE_HARDENED_RUNTIME = YES;
				PRODUCT_NAME = "$(TARGET_NAME)";
			};
			name = Release;
		};
		5E74D88F293A399E00BBF528 /* Debug */ = {
			isa = XCBuildConfiguration;
			buildSettings = {
				CODE_SIGN_STYLE = Automatic;
				DEVELOPMENT_TEAM = N455BJCT3S;
				ENABLE_HARDENED_RUNTIME = YES;
				PRODUCT_NAME = "$(TARGET_NAME)";
			};
			name = Debug;
		};
		5E74D890293A399E00BBF528 /* Release */ = {
			isa = XCBuildConfiguration;
			buildSettings = {
				CODE_SIGN_STYLE = Automatic;
				DEVELOPMENT_TEAM = N455BJCT3S;
				ENABLE_HARDENED_RUNTIME = YES;
				PRODUCT_NAME = "$(TARGET_NAME)";
			};
			name = Release;
		};
		5EC94157297FBE3B00385B02 /* Debug */ = {
			isa = XCBuildConfiguration;
			buildSettings = {
				CODE_SIGN_STYLE = Automatic;
				DEVELOPMENT_TEAM = N455BJCT3S;
				ENABLE_HARDENED_RUNTIME = YES;
				PRODUCT_NAME = "$(TARGET_NAME)";
			};
			name = Debug;
		};
		5EC94158297FBE3B00385B02 /* Release */ = {
			isa = XCBuildConfiguration;
			buildSettings = {
				CODE_SIGN_STYLE = Automatic;
				DEVELOPMENT_TEAM = N455BJCT3S;
				ENABLE_HARDENED_RUNTIME = YES;
				PRODUCT_NAME = "$(TARGET_NAME)";
			};
			name = Release;
		};
/* End XCBuildConfiguration section */

/* Begin XCConfigurationList section */
		5E0BEE5129794D7100EC6A95 /* Build configuration list for PBXNativeTarget "D4.4" */ = {
			isa = XCConfigurationList;
			buildConfigurations = (
				5E0BEE5229794D7100EC6A95 /* Debug */,
				5E0BEE5329794D7100EC6A95 /* Release */,
			);
			defaultConfigurationIsVisible = 0;
			defaultConfigurationName = Release;
		};
		5E11707229489CD3000B7619 /* Build configuration list for PBXNativeTarget "D2.6" */ = {
			isa = XCConfigurationList;
			buildConfigurations = (
				5E11707329489CD3000B7619 /* Debug */,
				5E11707429489CD3000B7619 /* Release */,
			);
			defaultConfigurationIsVisible = 0;
			defaultConfigurationName = Release;
		};
		5E117086294C74BE000B7619 /* Build configuration list for PBXNativeTarget "D3.5" */ = {
			isa = XCConfigurationList;
			buildConfigurations = (
				5E117087294C74BE000B7619 /* Debug */,
				5E117088294C74BE000B7619 /* Release */,
			);
			defaultConfigurationIsVisible = 0;
			defaultConfigurationName = Release;
		};
		5E222E8B297047050030B76B /* Build configuration list for PBXNativeTarget "D4.3" */ = {
			isa = XCConfigurationList;
			buildConfigurations = (
				5E222E8C297047050030B76B /* Debug */,
				5E222E8D297047050030B76B /* Release */,
			);
			defaultConfigurationIsVisible = 0;
			defaultConfigurationName = Release;
		};
		5E3309E3298524AF004F1CC4 /* Build configuration list for PBXNativeTarget "D5.3" */ = {
			isa = XCConfigurationList;
			buildConfigurations = (
				5E3309E4298524AF004F1CC4 /* Debug */,
				5E3309E5298524AF004F1CC4 /* Release */,
			);
			defaultConfigurationIsVisible = 0;
			defaultConfigurationName = Release;
		};
		5E3C1BAD29375184002A0D39 /* Build configuration list for PBXNativeTarget "D2.2" */ = {
			isa = XCConfigurationList;
			buildConfigurations = (
				5E3C1BAE29375184002A0D39 /* Debug */,
				5E3C1BAF29375184002A0D39 /* Release */,
			);
			defaultConfigurationIsVisible = 0;
			defaultConfigurationName = Release;
		};
		5E3C1BBA29388623002A0D39 /* Build configuration list for PBXNativeTarget "D2.3" */ = {
			isa = XCConfigurationList;
			buildConfigurations = (
				5E3C1BBB29388623002A0D39 /* Debug */,
				5E3C1BBC29388623002A0D39 /* Release */,
			);
			defaultConfigurationIsVisible = 0;
			defaultConfigurationName = Release;
		};
		5E47153C298D533700EEA8FB /* Build configuration list for PBXNativeTarget "D5.5" */ = {
			isa = XCConfigurationList;
			buildConfigurations = (
				5E47153D298D533700EEA8FB /* Debug */,
				5E47153E298D533700EEA8FB /* Release */,
			);
			defaultConfigurationIsVisible = 0;
			defaultConfigurationName = Release;
		};
		5E55B3772998DA51001190C3 /* Build configuration list for PBXNativeTarget "D5.6" */ = {
			isa = XCConfigurationList;
			buildConfigurations = (
				5E55B3782998DA51001190C3 /* Debug */,
				5E55B3792998DA51001190C3 /* Release */,
			);
			defaultConfigurationIsVisible = 0;
			defaultConfigurationName = Release;
		};
		5E55B38D299BF48F001190C3 /* Build configuration list for PBXNativeTarget "D6.3" */ = {
			isa = XCConfigurationList;
			buildConfigurations = (
				5E55B38E299BF48F001190C3 /* Debug */,
				5E55B38F299BF48F001190C3 /* Release */,
			);
			defaultConfigurationIsVisible = 0;
			defaultConfigurationName = Release;
		};
		5E68E3C02950928100CB8CFB /* Build configuration list for PBXNativeTarget "D3.6" */ = {
			isa = XCConfigurationList;
			buildConfigurations = (
				5E68E3C12950928100CB8CFB /* Debug */,
				5E68E3C22950928100CB8CFB /* Release */,
			);
			defaultConfigurationIsVisible = 0;
			defaultConfigurationName = Release;
		};
		5E68E3D02953728E00CB8CFB /* Build configuration list for PBXNativeTarget "D3.7" */ = {
			isa = XCConfigurationList;
			buildConfigurations = (
				5E68E3D12953728E00CB8CFB /* Debug */,
				5E68E3D22953728E00CB8CFB /* Release */,
			);
			defaultConfigurationIsVisible = 0;
			defaultConfigurationName = Release;
		};
		5E68E3E32955896C00CB8CFB /* Build configuration list for PBXNativeTarget "D3.8" */ = {
			isa = XCConfigurationList;
			buildConfigurations = (
				5E68E3E42955896C00CB8CFB /* Debug */,
				5E68E3E52955896C00CB8CFB /* Release */,
			);
			defaultConfigurationIsVisible = 0;
			defaultConfigurationName = Release;
		};
		5E6A70122934AFDB00506F6E /* Build configuration list for PBXProject "ConsoleApplication" */ = {
			isa = XCConfigurationList;
			buildConfigurations = (
				5E6A701C2934AFDB00506F6E /* Debug */,
				5E6A701D2934AFDB00506F6E /* Release */,
			);
			defaultConfigurationIsVisible = 0;
			defaultConfigurationName = Release;
		};
		5E6A701E2934AFDB00506F6E /* Build configuration list for PBXNativeTarget "D1.1" */ = {
			isa = XCConfigurationList;
			buildConfigurations = (
				5E6A701F2934AFDB00506F6E /* Debug */,
				5E6A70202934AFDB00506F6E /* Release */,
			);
			defaultConfigurationIsVisible = 0;
			defaultConfigurationName = Release;
		};
		5E73B5412959C5A7005CC05F /* Build configuration list for PBXNativeTarget "D4.2" */ = {
			isa = XCConfigurationList;
			buildConfigurations = (
				5E73B5422959C5A7005CC05F /* Debug */,
				5E73B5432959C5A7005CC05F /* Release */,
			);
			defaultConfigurationIsVisible = 0;
			defaultConfigurationName = Release;
		};
		5E74D88E293A399E00BBF528 /* Build configuration list for PBXNativeTarget "D2.4" */ = {
			isa = XCConfigurationList;
			buildConfigurations = (
				5E74D88F293A399E00BBF528 /* Debug */,
				5E74D890293A399E00BBF528 /* Release */,
			);
			defaultConfigurationIsVisible = 0;
			defaultConfigurationName = Release;
		};
		5EC94156297FBE3B00385B02 /* Build configuration list for PBXNativeTarget "D5.2" */ = {
			isa = XCConfigurationList;
			buildConfigurations = (
				5EC94157297FBE3B00385B02 /* Debug */,
				5EC94158297FBE3B00385B02 /* Release */,
			);
			defaultConfigurationIsVisible = 0;
			defaultConfigurationName = Release;
		};
/* End XCConfigurationList section */
	};
	rootObject = 5E6A700F2934AFDB00506F6E /* Project object */;
}
