// !$*UTF8*$!
{
	archiveVersion = 1;
	classes = {
	};
	objectVersion = 56;
	objects = {

/* Begin PBXBuildFile section */
		5E11707A29489CF4000B7619 /* main.cpp in Sources */ = {isa = PBXBuildFile; fileRef = 5E11707829489CF4000B7619 /* main.cpp */; };
		5E11707B29489CF4000B7619 /* App.cpp in Sources */ = {isa = PBXBuildFile; fileRef = 5E11707929489CF4000B7619 /* App.cpp */; };
		5E11708B294C74D8000B7619 /* app_1_1.cpp in Sources */ = {isa = PBXBuildFile; fileRef = 5E11707F294C74B2000B7619 /* app_1_1.cpp */; };
		5E11708D294C7506000B7619 /* app_1_2.cpp in Sources */ = {isa = PBXBuildFile; fileRef = 5E11708C294C7506000B7619 /* app_1_2.cpp */; };
		5E11708F294C751F000B7619 /* app_2.cpp in Sources */ = {isa = PBXBuildFile; fileRef = 5E11708E294C751F000B7619 /* app_2.cpp */; };
		5E3C1BB12937518C002A0D39 /* main.cpp in Sources */ = {isa = PBXBuildFile; fileRef = 5E3C1BA629375145002A0D39 /* main.cpp */; };
		5E3C1BBE29388630002A0D39 /* main.cpp in Sources */ = {isa = PBXBuildFile; fileRef = 5E3C1BB32938788B002A0D39 /* main.cpp */; };
		5E6A701B2934AFDB00506F6E /* main.cpp in Sources */ = {isa = PBXBuildFile; fileRef = 5E6A701A2934AFDB00506F6E /* main.cpp */; };
		5E74D896293A39D800BBF528 /* main.cpp in Sources */ = {isa = PBXBuildFile; fileRef = 5E74D895293A39D800BBF528 /* main.cpp */; };
		5E74D89B293A431500BBF528 /* App.cpp in Sources */ = {isa = PBXBuildFile; fileRef = 5E74D899293A431500BBF528 /* App.cpp */; };
/* End PBXBuildFile section */

/* Begin PBXCopyFilesBuildPhase section */
		5E11707129489CD3000B7619 /* CopyFiles */ = {
			isa = PBXCopyFilesBuildPhase;
			buildActionMask = 2147483647;
			dstPath = /usr/share/man/man1/;
			dstSubfolderSpec = 0;
			files = (
			);
			runOnlyForDeploymentPostprocessing = 1;
		};
		5E117085294C74BE000B7619 /* CopyFiles */ = {
			isa = PBXCopyFilesBuildPhase;
			buildActionMask = 2147483647;
			dstPath = /usr/share/man/man1/;
			dstSubfolderSpec = 0;
			files = (
			);
			runOnlyForDeploymentPostprocessing = 1;
		};
		5E3C1BAC29375184002A0D39 /* CopyFiles */ = {
			isa = PBXCopyFilesBuildPhase;
			buildActionMask = 2147483647;
			dstPath = /usr/share/man/man1/;
			dstSubfolderSpec = 0;
			files = (
			);
			runOnlyForDeploymentPostprocessing = 1;
		};
		5E3C1BB929388623002A0D39 /* CopyFiles */ = {
			isa = PBXCopyFilesBuildPhase;
			buildActionMask = 2147483647;
			dstPath = /usr/share/man/man1/;
			dstSubfolderSpec = 0;
			files = (
			);
			runOnlyForDeploymentPostprocessing = 1;
		};
		5E6A70152934AFDB00506F6E /* CopyFiles */ = {
			isa = PBXCopyFilesBuildPhase;
			buildActionMask = 2147483647;
			dstPath = /usr/share/man/man1/;
			dstSubfolderSpec = 0;
			files = (
			);
			runOnlyForDeploymentPostprocessing = 1;
		};
		5E74D88D293A399E00BBF528 /* CopyFiles */ = {
			isa = PBXCopyFilesBuildPhase;
			buildActionMask = 2147483647;
			dstPath = /usr/share/man/man1/;
			dstSubfolderSpec = 0;
			files = (
			);
			runOnlyForDeploymentPostprocessing = 1;
		};
/* End PBXCopyFilesBuildPhase section */

/* Begin PBXFileReference section */
		5E11707529489CD3000B7619 /* D2.6 */ = {isa = PBXFileReference; explicitFileType = "compiled.mach-o.executable"; includeInIndex = 0; path = D2.6; sourceTree = BUILT_PRODUCTS_DIR; };
		5E11707729489CF4000B7619 /* App.hpp */ = {isa = PBXFileReference; fileEncoding = 4; lastKnownFileType = sourcecode.cpp.h; path = App.hpp; sourceTree = "<group>"; };
		5E11707829489CF4000B7619 /* main.cpp */ = {isa = PBXFileReference; fileEncoding = 4; lastKnownFileType = sourcecode.cpp.cpp; path = main.cpp; sourceTree = "<group>"; };
		5E11707929489CF4000B7619 /* App.cpp */ = {isa = PBXFileReference; fileEncoding = 4; lastKnownFileType = sourcecode.cpp.cpp; path = App.cpp; sourceTree = "<group>"; };
		5E11707F294C74B2000B7619 /* app_1_1.cpp */ = {isa = PBXFileReference; lastKnownFileType = sourcecode.cpp.cpp; path = app_1_1.cpp; sourceTree = "<group>"; };
		5E117089294C74BE000B7619 /* D3.5 */ = {isa = PBXFileReference; explicitFileType = "compiled.mach-o.executable"; includeInIndex = 0; path = D3.5; sourceTree = BUILT_PRODUCTS_DIR; };
		5E11708C294C7506000B7619 /* app_1_2.cpp */ = {isa = PBXFileReference; lastKnownFileType = sourcecode.cpp.cpp; path = app_1_2.cpp; sourceTree = "<group>"; };
		5E11708E294C751F000B7619 /* app_2.cpp */ = {isa = PBXFileReference; lastKnownFileType = sourcecode.cpp.cpp; path = app_2.cpp; sourceTree = "<group>"; };
		5E3C1BA629375145002A0D39 /* main.cpp */ = {isa = PBXFileReference; lastKnownFileType = sourcecode.cpp.cpp; path = main.cpp; sourceTree = "<group>"; };
		5E3C1BB029375184002A0D39 /* D2.2 */ = {isa = PBXFileReference; explicitFileType = "compiled.mach-o.executable"; includeInIndex = 0; path = D2.2; sourceTree = BUILT_PRODUCTS_DIR; };
		5E3C1BB32938788B002A0D39 /* main.cpp */ = {isa = PBXFileReference; lastKnownFileType = sourcecode.cpp.cpp; path = main.cpp; sourceTree = "<group>"; };
		5E3C1BBD29388623002A0D39 /* D2.3 */ = {isa = PBXFileReference; explicitFileType = "compiled.mach-o.executable"; includeInIndex = 0; path = D2.3; sourceTree = BUILT_PRODUCTS_DIR; };
		5E6A70172934AFDB00506F6E /* D1.1 */ = {isa = PBXFileReference; explicitFileType = "compiled.mach-o.executable"; includeInIndex = 0; path = D1.1; sourceTree = BUILT_PRODUCTS_DIR; };
		5E6A701A2934AFDB00506F6E /* main.cpp */ = {isa = PBXFileReference; lastKnownFileType = sourcecode.cpp.cpp; path = main.cpp; sourceTree = "<group>"; };
		5E6A70212934B49D00506F6E /* README.md */ = {isa = PBXFileReference; lastKnownFileType = net.daringfireball.markdown; path = README.md; sourceTree = SOURCE_ROOT; };
		5E74D891293A399E00BBF528 /* D2.4 */ = {isa = PBXFileReference; explicitFileType = "compiled.mach-o.executable"; includeInIndex = 0; path = D2.4; sourceTree = BUILT_PRODUCTS_DIR; };
		5E74D895293A39D800BBF528 /* main.cpp */ = {isa = PBXFileReference; fileEncoding = 4; lastKnownFileType = sourcecode.cpp.cpp; path = main.cpp; sourceTree = "<group>"; };
		5E74D899293A431500BBF528 /* App.cpp */ = {isa = PBXFileReference; lastKnownFileType = sourcecode.cpp.cpp; path = App.cpp; sourceTree = "<group>"; };
		5E74D89A293A431500BBF528 /* App.hpp */ = {isa = PBXFileReference; lastKnownFileType = sourcecode.cpp.h; path = App.hpp; sourceTree = "<group>"; };
/* End PBXFileReference section */

/* Begin PBXFrameworksBuildPhase section */
		5E11707029489CD3000B7619 /* Frameworks */ = {
			isa = PBXFrameworksBuildPhase;
			buildActionMask = 2147483647;
			files = (
			);
			runOnlyForDeploymentPostprocessing = 0;
		};
		5E117084294C74BE000B7619 /* Frameworks */ = {
			isa = PBXFrameworksBuildPhase;
			buildActionMask = 2147483647;
			files = (
			);
			runOnlyForDeploymentPostprocessing = 0;
		};
		5E3C1BAB29375184002A0D39 /* Frameworks */ = {
			isa = PBXFrameworksBuildPhase;
			buildActionMask = 2147483647;
			files = (
			);
			runOnlyForDeploymentPostprocessing = 0;
		};
		5E3C1BB829388623002A0D39 /* Frameworks */ = {
			isa = PBXFrameworksBuildPhase;
			buildActionMask = 2147483647;
			files = (
			);
			runOnlyForDeploymentPostprocessing = 0;
		};
		5E6A70142934AFDB00506F6E /* Frameworks */ = {
			isa = PBXFrameworksBuildPhase;
			buildActionMask = 2147483647;
			files = (
			);
			runOnlyForDeploymentPostprocessing = 0;
		};
		5E74D88C293A399E00BBF528 /* Frameworks */ = {
			isa = PBXFrameworksBuildPhase;
			buildActionMask = 2147483647;
			files = (
			);
			runOnlyForDeploymentPostprocessing = 0;
		};
/* End PBXFrameworksBuildPhase section */

/* Begin PBXGroup section */
		5E11707629489CF4000B7619 /* D2.6 */ = {
			isa = PBXGroup;
			children = (
				5E11707729489CF4000B7619 /* App.hpp */,
				5E11707929489CF4000B7619 /* App.cpp */,
				5E11707829489CF4000B7619 /* main.cpp */,
			);
			path = D2.6;
			sourceTree = "<group>";
		};
		5E11707E294C74B2000B7619 /* D3.5 */ = {
			isa = PBXGroup;
			children = (
				5E11707F294C74B2000B7619 /* app_1_1.cpp */,
				5E11708C294C7506000B7619 /* app_1_2.cpp */,
				5E11708E294C751F000B7619 /* app_2.cpp */,
			);
			path = D3.5;
			sourceTree = "<group>";
		};
		5E3C1BA529375145002A0D39 /* D2.2 */ = {
			isa = PBXGroup;
			children = (
				5E3C1BA629375145002A0D39 /* main.cpp */,
			);
			path = D2.2;
			sourceTree = "<group>";
		};
		5E3C1BB229387875002A0D39 /* D2.3 */ = {
			isa = PBXGroup;
			children = (
				5E3C1BB32938788B002A0D39 /* main.cpp */,
			);
			path = D2.3;
			sourceTree = "<group>";
		};
		5E6A700E2934AFDB00506F6E = {
			isa = PBXGroup;
			children = (
				5E6A70192934AFDB00506F6E /* D1.1 */,
				5E3C1BA529375145002A0D39 /* D2.2 */,
				5E3C1BB229387875002A0D39 /* D2.3 */,
				5E74D894293A39D800BBF528 /* D2.4 */,
				5E11707629489CF4000B7619 /* D2.6 */,
				5E11707E294C74B2000B7619 /* D3.5 */,
				5E6A70212934B49D00506F6E /* README.md */,
				5E6A70182934AFDB00506F6E /* Products */,
			);
			sourceTree = "<group>";
		};
		5E6A70182934AFDB00506F6E /* Products */ = {
			isa = PBXGroup;
			children = (
				5E6A70172934AFDB00506F6E /* D1.1 */,
				5E3C1BB029375184002A0D39 /* D2.2 */,
				5E3C1BBD29388623002A0D39 /* D2.3 */,
				5E74D891293A399E00BBF528 /* D2.4 */,
				5E11707529489CD3000B7619 /* D2.6 */,
				5E117089294C74BE000B7619 /* D3.5 */,
			);
			name = Products;
			sourceTree = "<group>";
		};
		5E6A70192934AFDB00506F6E /* D1.1 */ = {
			isa = PBXGroup;
			children = (
				5E6A701A2934AFDB00506F6E /* main.cpp */,
			);
			path = D1.1;
			sourceTree = "<group>";
		};
		5E74D894293A39D800BBF528 /* D2.4 */ = {
			isa = PBXGroup;
			children = (
				5E74D89A293A431500BBF528 /* App.hpp */,
				5E74D899293A431500BBF528 /* App.cpp */,
				5E74D895293A39D800BBF528 /* main.cpp */,
			);
			path = D2.4;
			sourceTree = "<group>";
		};
/* End PBXGroup section */

/* Begin PBXNativeTarget section */
		5E11706C29489CD3000B7619 /* D2.6 */ = {
			isa = PBXNativeTarget;
			buildConfigurationList = 5E11707229489CD3000B7619 /* Build configuration list for PBXNativeTarget "D2.6" */;
			buildPhases = (
				5E11706D29489CD3000B7619 /* Sources */,
				5E11707029489CD3000B7619 /* Frameworks */,
				5E11707129489CD3000B7619 /* CopyFiles */,
			);
			buildRules = (
			);
			dependencies = (
			);
			name = D2.6;
			productName = "Console Application";
			productReference = 5E11707529489CD3000B7619 /* D2.6 */;
			productType = "com.apple.product-type.tool";
		};
		5E117080294C74BE000B7619 /* D3.5 */ = {
			isa = PBXNativeTarget;
			buildConfigurationList = 5E117086294C74BE000B7619 /* Build configuration list for PBXNativeTarget "D3.5" */;
			buildPhases = (
				5E117081294C74BE000B7619 /* Sources */,
				5E117084294C74BE000B7619 /* Frameworks */,
				5E117085294C74BE000B7619 /* CopyFiles */,
			);
			buildRules = (
			);
			dependencies = (
			);
			name = D3.5;
			productName = "Console Application";
			productReference = 5E117089294C74BE000B7619 /* D3.5 */;
			productType = "com.apple.product-type.tool";
		};
		5E3C1BA829375184002A0D39 /* D2.2 */ = {
			isa = PBXNativeTarget;
			buildConfigurationList = 5E3C1BAD29375184002A0D39 /* Build configuration list for PBXNativeTarget "D2.2" */;
			buildPhases = (
				5E3C1BA929375184002A0D39 /* Sources */,
				5E3C1BAB29375184002A0D39 /* Frameworks */,
				5E3C1BAC29375184002A0D39 /* CopyFiles */,
			);
			buildRules = (
			);
			dependencies = (
			);
			name = D2.2;
			productName = "Console Application";
			productReference = 5E3C1BB029375184002A0D39 /* D2.2 */;
			productType = "com.apple.product-type.tool";
		};
		5E3C1BB529388623002A0D39 /* D2.3 */ = {
			isa = PBXNativeTarget;
			buildConfigurationList = 5E3C1BBA29388623002A0D39 /* Build configuration list for PBXNativeTarget "D2.3" */;
			buildPhases = (
				5E3C1BB629388623002A0D39 /* Sources */,
				5E3C1BB829388623002A0D39 /* Frameworks */,
				5E3C1BB929388623002A0D39 /* CopyFiles */,
			);
			buildRules = (
			);
			dependencies = (
			);
			name = D2.3;
			productName = "Console Application";
			productReference = 5E3C1BBD29388623002A0D39 /* D2.3 */;
			productType = "com.apple.product-type.tool";
		};
		5E6A70162934AFDB00506F6E /* D1.1 */ = {
			isa = PBXNativeTarget;
			buildConfigurationList = 5E6A701E2934AFDB00506F6E /* Build configuration list for PBXNativeTarget "D1.1" */;
			buildPhases = (
				5E6A70132934AFDB00506F6E /* Sources */,
				5E6A70142934AFDB00506F6E /* Frameworks */,
				5E6A70152934AFDB00506F6E /* CopyFiles */,
			);
			buildRules = (
			);
			dependencies = (
			);
			name = D1.1;
			productName = "Console Application";
			productReference = 5E6A70172934AFDB00506F6E /* D1.1 */;
			productType = "com.apple.product-type.tool";
		};
		5E74D889293A399E00BBF528 /* D2.4 */ = {
			isa = PBXNativeTarget;
			buildConfigurationList = 5E74D88E293A399E00BBF528 /* Build configuration list for PBXNativeTarget "D2.4" */;
			buildPhases = (
				5E74D88A293A399E00BBF528 /* Sources */,
				5E74D88C293A399E00BBF528 /* Frameworks */,
				5E74D88D293A399E00BBF528 /* CopyFiles */,
			);
			buildRules = (
			);
			dependencies = (
			);
			name = D2.4;
			productName = "Console Application";
			productReference = 5E74D891293A399E00BBF528 /* D2.4 */;
			productType = "com.apple.product-type.tool";
		};
/* End PBXNativeTarget section */

/* Begin PBXProject section */
		5E6A700F2934AFDB00506F6E /* Project object */ = {
			isa = PBXProject;
			attributes = {
				BuildIndependentTargetsInParallel = 1;
				LastUpgradeCheck = 1410;
				TargetAttributes = {
					5E6A70162934AFDB00506F6E = {
						CreatedOnToolsVersion = 14.1;
					};
				};
			};
			buildConfigurationList = 5E6A70122934AFDB00506F6E /* Build configuration list for PBXProject "ConsoleApplication" */;
			compatibilityVersion = "Xcode 14.0";
			developmentRegion = en;
			hasScannedForEncodings = 0;
			knownRegions = (
				en,
				Base,
			);
			mainGroup = 5E6A700E2934AFDB00506F6E;
			productRefGroup = 5E6A70182934AFDB00506F6E /* Products */;
			projectDirPath = "";
			projectRoot = "";
			targets = (
				5E6A70162934AFDB00506F6E /* D1.1 */,
				5E3C1BA829375184002A0D39 /* D2.2 */,
				5E3C1BB529388623002A0D39 /* D2.3 */,
				5E74D889293A399E00BBF528 /* D2.4 */,
				5E11706C29489CD3000B7619 /* D2.6 */,
				5E117080294C74BE000B7619 /* D3.5 */,
			);
		};
/* End PBXProject section */

/* Begin PBXSourcesBuildPhase section */
		5E11706D29489CD3000B7619 /* Sources */ = {
			isa = PBXSourcesBuildPhase;
			buildActionMask = 2147483647;
			files = (
				5E11707A29489CF4000B7619 /* main.cpp in Sources */,
				5E11707B29489CF4000B7619 /* App.cpp in Sources */,
			);
			runOnlyForDeploymentPostprocessing = 0;
		};
		5E117081294C74BE000B7619 /* Sources */ = {
			isa = PBXSourcesBuildPhase;
			buildActionMask = 2147483647;
			files = (
				5E11708F294C751F000B7619 /* app_2.cpp in Sources */,
				5E11708B294C74D8000B7619 /* app_1_1.cpp in Sources */,
				5E11708D294C7506000B7619 /* app_1_2.cpp in Sources */,
			);
			runOnlyForDeploymentPostprocessing = 0;
		};
		5E3C1BA929375184002A0D39 /* Sources */ = {
			isa = PBXSourcesBuildPhase;
			buildActionMask = 2147483647;
			files = (
				5E3C1BB12937518C002A0D39 /* main.cpp in Sources */,
			);
			runOnlyForDeploymentPostprocessing = 0;
		};
		5E3C1BB629388623002A0D39 /* Sources */ = {
			isa = PBXSourcesBuildPhase;
			buildActionMask = 2147483647;
			files = (
				5E3C1BBE29388630002A0D39 /* main.cpp in Sources */,
			);
			runOnlyForDeploymentPostprocessing = 0;
		};
		5E6A70132934AFDB00506F6E /* Sources */ = {
			isa = PBXSourcesBuildPhase;
			buildActionMask = 2147483647;
			files = (
				5E6A701B2934AFDB00506F6E /* main.cpp in Sources */,
			);
			runOnlyForDeploymentPostprocessing = 0;
		};
		5E74D88A293A399E00BBF528 /* Sources */ = {
			isa = PBXSourcesBuildPhase;
			buildActionMask = 2147483647;
			files = (
				5E74D896293A39D800BBF528 /* main.cpp in Sources */,
				5E74D89B293A431500BBF528 /* App.cpp in Sources */,
			);
			runOnlyForDeploymentPostprocessing = 0;
		};
/* End PBXSourcesBuildPhase section */

/* Begin XCBuildConfiguration section */
		5E11707329489CD3000B7619 /* Debug */ = {
			isa = XCBuildConfiguration;
			buildSettings = {
				CODE_SIGN_STYLE = Automatic;
				DEVELOPMENT_TEAM = N455BJCT3S;
				ENABLE_HARDENED_RUNTIME = YES;
				PRODUCT_NAME = "$(TARGET_NAME)";
			};
			name = Debug;
		};
		5E11707429489CD3000B7619 /* Release */ = {
			isa = XCBuildConfiguration;
			buildSettings = {
				CODE_SIGN_STYLE = Automatic;
				DEVELOPMENT_TEAM = N455BJCT3S;
				ENABLE_HARDENED_RUNTIME = YES;
				PRODUCT_NAME = "$(TARGET_NAME)";
			};
			name = Release;
		};
		5E117087294C74BE000B7619 /* Debug */ = {
			isa = XCBuildConfiguration;
			buildSettings = {
				CODE_SIGN_STYLE = Automatic;
				DEVELOPMENT_TEAM = N455BJCT3S;
				ENABLE_HARDENED_RUNTIME = YES;
				PRODUCT_NAME = "$(TARGET_NAME)";
			};
			name = Debug;
		};
		5E117088294C74BE000B7619 /* Release */ = {
			isa = XCBuildConfiguration;
			buildSettings = {
				CODE_SIGN_STYLE = Automatic;
				DEVELOPMENT_TEAM = N455BJCT3S;
				ENABLE_HARDENED_RUNTIME = YES;
				PRODUCT_NAME = "$(TARGET_NAME)";
			};
			name = Release;
		};
		5E3C1BAE29375184002A0D39 /* Debug */ = {
			isa = XCBuildConfiguration;
			buildSettings = {
				CODE_SIGN_STYLE = Automatic;
				DEVELOPMENT_TEAM = N455BJCT3S;
				ENABLE_HARDENED_RUNTIME = YES;
				PRODUCT_NAME = "$(TARGET_NAME)";
			};
			name = Debug;
		};
		5E3C1BAF29375184002A0D39 /* Release */ = {
			isa = XCBuildConfiguration;
			buildSettings = {
				CODE_SIGN_STYLE = Automatic;
				DEVELOPMENT_TEAM = N455BJCT3S;
				ENABLE_HARDENED_RUNTIME = YES;
				PRODUCT_NAME = "$(TARGET_NAME)";
			};
			name = Release;
		};
		5E3C1BBB29388623002A0D39 /* Debug */ = {
			isa = XCBuildConfiguration;
			buildSettings = {
				CODE_SIGN_STYLE = Automatic;
				DEVELOPMENT_TEAM = N455BJCT3S;
				ENABLE_HARDENED_RUNTIME = YES;
				PRODUCT_NAME = "$(TARGET_NAME)";
			};
			name = Debug;
		};
		5E3C1BBC29388623002A0D39 /* Release */ = {
			isa = XCBuildConfiguration;
			buildSettings = {
				CODE_SIGN_STYLE = Automatic;
				DEVELOPMENT_TEAM = N455BJCT3S;
				ENABLE_HARDENED_RUNTIME = YES;
				PRODUCT_NAME = "$(TARGET_NAME)";
			};
			name = Release;
		};
		5E6A701C2934AFDB00506F6E /* Debug */ = {
			isa = XCBuildConfiguration;
			buildSettings = {
				ALWAYS_SEARCH_USER_PATHS = NO;
				CLANG_ANALYZER_NONNULL = YES;
				CLANG_ANALYZER_NUMBER_OBJECT_CONVERSION = YES_AGGRESSIVE;
				CLANG_CXX_LANGUAGE_STANDARD = "gnu++20";
				CLANG_ENABLE_MODULES = YES;
				CLANG_ENABLE_OBJC_ARC = YES;
				CLANG_ENABLE_OBJC_WEAK = YES;
				CLANG_WARN_BLOCK_CAPTURE_AUTORELEASING = YES;
				CLANG_WARN_BOOL_CONVERSION = YES;
				CLANG_WARN_COMMA = YES;
				CLANG_WARN_CONSTANT_CONVERSION = YES;
				CLANG_WARN_DEPRECATED_OBJC_IMPLEMENTATIONS = YES;
				CLANG_WARN_DIRECT_OBJC_ISA_USAGE = YES_ERROR;
				CLANG_WARN_DOCUMENTATION_COMMENTS = YES;
				CLANG_WARN_EMPTY_BODY = YES;
				CLANG_WARN_ENUM_CONVERSION = YES;
				CLANG_WARN_INFINITE_RECURSION = YES;
				CLANG_WARN_INT_CONVERSION = YES;
				CLANG_WARN_NON_LITERAL_NULL_CONVERSION = YES;
				CLANG_WARN_OBJC_IMPLICIT_RETAIN_SELF = YES;
				CLANG_WARN_OBJC_LITERAL_CONVERSION = YES;
				CLANG_WARN_OBJC_ROOT_CLASS = YES_ERROR;
				CLANG_WARN_QUOTED_INCLUDE_IN_FRAMEWORK_HEADER = YES;
				CLANG_WARN_RANGE_LOOP_ANALYSIS = YES;
				CLANG_WARN_STRICT_PROTOTYPES = YES;
				CLANG_WARN_SUSPICIOUS_MOVE = YES;
				CLANG_WARN_UNGUARDED_AVAILABILITY = YES_AGGRESSIVE;
				CLANG_WARN_UNREACHABLE_CODE = YES;
				CLANG_WARN__DUPLICATE_METHOD_MATCH = YES;
				COPY_PHASE_STRIP = NO;
				DEBUG_INFORMATION_FORMAT = dwarf;
				ENABLE_STRICT_OBJC_MSGSEND = YES;
				ENABLE_TESTABILITY = YES;
				GCC_C_LANGUAGE_STANDARD = gnu11;
				GCC_DYNAMIC_NO_PIC = NO;
				GCC_NO_COMMON_BLOCKS = YES;
				GCC_OPTIMIZATION_LEVEL = 0;
				GCC_PREPROCESSOR_DEFINITIONS = (
					"DEBUG=1",
					"$(inherited)",
				);
				GCC_WARN_64_TO_32_BIT_CONVERSION = YES;
				GCC_WARN_ABOUT_RETURN_TYPE = YES_ERROR;
				GCC_WARN_UNDECLARED_SELECTOR = YES;
				GCC_WARN_UNINITIALIZED_AUTOS = YES_AGGRESSIVE;
				GCC_WARN_UNUSED_FUNCTION = YES;
				GCC_WARN_UNUSED_VARIABLE = YES;
				MACOSX_DEPLOYMENT_TARGET = 12.6;
				MTL_ENABLE_DEBUG_INFO = INCLUDE_SOURCE;
				MTL_FAST_MATH = YES;
				ONLY_ACTIVE_ARCH = YES;
				SDKROOT = macosx;
			};
			name = Debug;
		};
		5E6A701D2934AFDB00506F6E /* Release */ = {
			isa = XCBuildConfiguration;
			buildSettings = {
				ALWAYS_SEARCH_USER_PATHS = NO;
				CLANG_ANALYZER_NONNULL = YES;
				CLANG_ANALYZER_NUMBER_OBJECT_CONVERSION = YES_AGGRESSIVE;
				CLANG_CXX_LANGUAGE_STANDARD = "gnu++20";
				CLANG_ENABLE_MODULES = YES;
				CLANG_ENABLE_OBJC_ARC = YES;
				CLANG_ENABLE_OBJC_WEAK = YES;
				CLANG_WARN_BLOCK_CAPTURE_AUTORELEASING = YES;
				CLANG_WARN_BOOL_CONVERSION = YES;
				CLANG_WARN_COMMA = YES;
				CLANG_WARN_CONSTANT_CONVERSION = YES;
				CLANG_WARN_DEPRECATED_OBJC_IMPLEMENTATIONS = YES;
				CLANG_WARN_DIRECT_OBJC_ISA_USAGE = YES_ERROR;
				CLANG_WARN_DOCUMENTATION_COMMENTS = YES;
				CLANG_WARN_EMPTY_BODY = YES;
				CLANG_WARN_ENUM_CONVERSION = YES;
				CLANG_WARN_INFINITE_RECURSION = YES;
				CLANG_WARN_INT_CONVERSION = YES;
				CLANG_WARN_NON_LITERAL_NULL_CONVERSION = YES;
				CLANG_WARN_OBJC_IMPLICIT_RETAIN_SELF = YES;
				CLANG_WARN_OBJC_LITERAL_CONVERSION = YES;
				CLANG_WARN_OBJC_ROOT_CLASS = YES_ERROR;
				CLANG_WARN_QUOTED_INCLUDE_IN_FRAMEWORK_HEADER = YES;
				CLANG_WARN_RANGE_LOOP_ANALYSIS = YES;
				CLANG_WARN_STRICT_PROTOTYPES = YES;
				CLANG_WARN_SUSPICIOUS_MOVE = YES;
				CLANG_WARN_UNGUARDED_AVAILABILITY = YES_AGGRESSIVE;
				CLANG_WARN_UNREACHABLE_CODE = YES;
				CLANG_WARN__DUPLICATE_METHOD_MATCH = YES;
				COPY_PHASE_STRIP = NO;
				DEBUG_INFORMATION_FORMAT = "dwarf-with-dsym";
				ENABLE_NS_ASSERTIONS = NO;
				ENABLE_STRICT_OBJC_MSGSEND = YES;
				GCC_C_LANGUAGE_STANDARD = gnu11;
				GCC_NO_COMMON_BLOCKS = YES;
				GCC_WARN_64_TO_32_BIT_CONVERSION = YES;
				GCC_WARN_ABOUT_RETURN_TYPE = YES_ERROR;
				GCC_WARN_UNDECLARED_SELECTOR = YES;
				GCC_WARN_UNINITIALIZED_AUTOS = YES_AGGRESSIVE;
				GCC_WARN_UNUSED_FUNCTION = YES;
				GCC_WARN_UNUSED_VARIABLE = YES;
				MACOSX_DEPLOYMENT_TARGET = 12.6;
				MTL_ENABLE_DEBUG_INFO = NO;
				MTL_FAST_MATH = YES;
				SDKROOT = macosx;
			};
			name = Release;
		};
		5E6A701F2934AFDB00506F6E /* Debug */ = {
			isa = XCBuildConfiguration;
			buildSettings = {
				CODE_SIGN_STYLE = Automatic;
				DEVELOPMENT_TEAM = N455BJCT3S;
				ENABLE_HARDENED_RUNTIME = YES;
				PRODUCT_NAME = "$(TARGET_NAME)";
			};
			name = Debug;
		};
		5E6A70202934AFDB00506F6E /* Release */ = {
			isa = XCBuildConfiguration;
			buildSettings = {
				CODE_SIGN_STYLE = Automatic;
				DEVELOPMENT_TEAM = N455BJCT3S;
				ENABLE_HARDENED_RUNTIME = YES;
				PRODUCT_NAME = "$(TARGET_NAME)";
			};
			name = Release;
		};
		5E74D88F293A399E00BBF528 /* Debug */ = {
			isa = XCBuildConfiguration;
			buildSettings = {
				CODE_SIGN_STYLE = Automatic;
				DEVELOPMENT_TEAM = N455BJCT3S;
				ENABLE_HARDENED_RUNTIME = YES;
				PRODUCT_NAME = "$(TARGET_NAME)";
			};
			name = Debug;
		};
		5E74D890293A399E00BBF528 /* Release */ = {
			isa = XCBuildConfiguration;
			buildSettings = {
				CODE_SIGN_STYLE = Automatic;
				DEVELOPMENT_TEAM = N455BJCT3S;
				ENABLE_HARDENED_RUNTIME = YES;
				PRODUCT_NAME = "$(TARGET_NAME)";
			};
			name = Release;
		};
/* End XCBuildConfiguration section */

/* Begin XCConfigurationList section */
		5E11707229489CD3000B7619 /* Build configuration list for PBXNativeTarget "D2.6" */ = {
			isa = XCConfigurationList;
			buildConfigurations = (
				5E11707329489CD3000B7619 /* Debug */,
				5E11707429489CD3000B7619 /* Release */,
			);
			defaultConfigurationIsVisible = 0;
			defaultConfigurationName = Release;
		};
		5E117086294C74BE000B7619 /* Build configuration list for PBXNativeTarget "D3.5" */ = {
			isa = XCConfigurationList;
			buildConfigurations = (
				5E117087294C74BE000B7619 /* Debug */,
				5E117088294C74BE000B7619 /* Release */,
			);
			defaultConfigurationIsVisible = 0;
			defaultConfigurationName = Release;
		};
		5E3C1BAD29375184002A0D39 /* Build configuration list for PBXNativeTarget "D2.2" */ = {
			isa = XCConfigurationList;
			buildConfigurations = (
				5E3C1BAE29375184002A0D39 /* Debug */,
				5E3C1BAF29375184002A0D39 /* Release */,
			);
			defaultConfigurationIsVisible = 0;
			defaultConfigurationName = Release;
		};
		5E3C1BBA29388623002A0D39 /* Build configuration list for PBXNativeTarget "D2.3" */ = {
			isa = XCConfigurationList;
			buildConfigurations = (
				5E3C1BBB29388623002A0D39 /* Debug */,
				5E3C1BBC29388623002A0D39 /* Release */,
			);
			defaultConfigurationIsVisible = 0;
			defaultConfigurationName = Release;
		};
		5E6A70122934AFDB00506F6E /* Build configuration list for PBXProject "ConsoleApplication" */ = {
			isa = XCConfigurationList;
			buildConfigurations = (
				5E6A701C2934AFDB00506F6E /* Debug */,
				5E6A701D2934AFDB00506F6E /* Release */,
			);
			defaultConfigurationIsVisible = 0;
			defaultConfigurationName = Release;
		};
		5E6A701E2934AFDB00506F6E /* Build configuration list for PBXNativeTarget "D1.1" */ = {
			isa = XCConfigurationList;
			buildConfigurations = (
				5E6A701F2934AFDB00506F6E /* Debug */,
				5E6A70202934AFDB00506F6E /* Release */,
			);
			defaultConfigurationIsVisible = 0;
			defaultConfigurationName = Release;
		};
		5E74D88E293A399E00BBF528 /* Build configuration list for PBXNativeTarget "D2.4" */ = {
			isa = XCConfigurationList;
			buildConfigurations = (
				5E74D88F293A399E00BBF528 /* Debug */,
				5E74D890293A399E00BBF528 /* Release */,
			);
			defaultConfigurationIsVisible = 0;
			defaultConfigurationName = Release;
		};
/* End XCConfigurationList section */
	};
	rootObject = 5E6A700F2934AFDB00506F6E /* Project object */;
}
